// !$*UTF8*$!
{
	archiveVersion = 1;
	classes = {
	};
	objectVersion = 56;
	objects = {

/* Begin PBXBuildFile section */
		B30FBC922A32B504004A3495 /* RxCocoa in Frameworks */ = {isa = PBXBuildFile; productRef = B30FBC912A32B504004A3495 /* RxCocoa */; };
		B30FBC942A32B504004A3495 /* RxSwift in Frameworks */ = {isa = PBXBuildFile; productRef = B30FBC932A32B504004A3495 /* RxSwift */; };
		B30FBC972A32B525004A3495 /* RxOptional in Frameworks */ = {isa = PBXBuildFile; productRef = B30FBC962A32B525004A3495 /* RxOptional */; };
		B30FBCB12A32BDB9004A3495 /* Moya-ModelMapper in Frameworks */ = {isa = PBXBuildFile; productRef = B30FBCB02A32BDB9004A3495 /* Moya-ModelMapper */; };
		B32E44652A5E3DB700BC88D3 /* UsedGoodsModel.swift in Sources */ = {isa = PBXBuildFile; fileRef = B32E44642A5E3DB700BC88D3 /* UsedGoodsModel.swift */; };
		B33A11372A4A9DC7002D5258 /* GithubTableViewController.swift in Sources */ = {isa = PBXBuildFile; fileRef = B33A11362A4A9DC7002D5258 /* GithubTableViewController.swift */; };
		B33A11392A4A9E1D002D5258 /* GithubTableViewCell.swift in Sources */ = {isa = PBXBuildFile; fileRef = B33A11382A4A9E1D002D5258 /* GithubTableViewCell.swift */; };
		B33A113B2A4AA29F002D5258 /* GitRepository.swift in Sources */ = {isa = PBXBuildFile; fileRef = B33A113A2A4AA29F002D5258 /* GitRepository.swift */; };
		B33A113F2A4C0EE5002D5258 /* Kingfisher in Frameworks */ = {isa = PBXBuildFile; productRef = B33A113E2A4C0EE5002D5258 /* Kingfisher */; };
		B33A11412A4C0F34002D5258 /* SearchBlogViewController.swift in Sources */ = {isa = PBXBuildFile; fileRef = B33A11402A4C0F34002D5258 /* SearchBlogViewController.swift */; };
		B33A11432A4C122C002D5258 /* SearchBar.swift in Sources */ = {isa = PBXBuildFile; fileRef = B33A11422A4C122C002D5258 /* SearchBar.swift */; };
		B33A11452A4C1C01002D5258 /* FilterView.swift in Sources */ = {isa = PBXBuildFile; fileRef = B33A11442A4C1C01002D5258 /* FilterView.swift */; };
		B33A11472A4C2018002D5258 /* BlogListView.swift in Sources */ = {isa = PBXBuildFile; fileRef = B33A11462A4C2018002D5258 /* BlogListView.swift */; };
		B33A114A2A4D1901002D5258 /* BlogListCell.swift in Sources */ = {isa = PBXBuildFile; fileRef = B33A11492A4D1901002D5258 /* BlogListCell.swift */; };
		B33A114F2A4D198A002D5258 /* BlogListCellData.swift in Sources */ = {isa = PBXBuildFile; fileRef = B33A114E2A4D198A002D5258 /* BlogListCellData.swift */; };
		B33A11522A4D5A34002D5258 /* AlertActionConvertible.swift in Sources */ = {isa = PBXBuildFile; fileRef = B33A11512A4D5A34002D5258 /* AlertActionConvertible.swift */; };
		B33A11542A4D5D39002D5258 /* Blog.swift in Sources */ = {isa = PBXBuildFile; fileRef = B33A11532A4D5D39002D5258 /* Blog.swift */; };
		B33A11572A4D5FC5002D5258 /* SearchBlogNetwork.swift in Sources */ = {isa = PBXBuildFile; fileRef = B33A11562A4D5FC5002D5258 /* SearchBlogNetwork.swift */; };
		B33A11592A4E92A8002D5258 /* SearchNetworkError.swift in Sources */ = {isa = PBXBuildFile; fileRef = B33A11582A4E92A8002D5258 /* SearchNetworkError.swift */; };
		B36948162A3FEC2500DB1BAB /* RxDataSources in Frameworks */ = {isa = PBXBuildFile; productRef = B36948152A3FEC2500DB1BAB /* RxDataSources */; };
		B36948182A3FEC5C00DB1BAB /* MyTableViewController.swift in Sources */ = {isa = PBXBuildFile; fileRef = B36948172A3FEC5C00DB1BAB /* MyTableViewController.swift */; };
		B369481A2A3FECA000DB1BAB /* MyTable.swift in Sources */ = {isa = PBXBuildFile; fileRef = B36948192A3FECA000DB1BAB /* MyTable.swift */; };
		B38CD7F72A528B8E0059C8F0 /* UsedGoodsViewController.swift in Sources */ = {isa = PBXBuildFile; fileRef = B38CD7F62A528B8E0059C8F0 /* UsedGoodsViewController.swift */; };
		B38CD7F92A528C0D0059C8F0 /* UsedGoodsViewModel.swift in Sources */ = {isa = PBXBuildFile; fileRef = B38CD7F82A528C0D0059C8F0 /* UsedGoodsViewModel.swift */; };
		B38CD7FC2A5299270059C8F0 /* TitleTextFieldCell.swift in Sources */ = {isa = PBXBuildFile; fileRef = B38CD7FB2A5299270059C8F0 /* TitleTextFieldCell.swift */; };
		B38CD7FE2A5299390059C8F0 /* TitleTextFieldViewModel.swift in Sources */ = {isa = PBXBuildFile; fileRef = B38CD7FD2A5299390059C8F0 /* TitleTextFieldViewModel.swift */; };
		B38CD8022A52A22A0059C8F0 /* Category.swift in Sources */ = {isa = PBXBuildFile; fileRef = B38CD8012A52A22A0059C8F0 /* Category.swift */; };
		B38CD8052A53F6940059C8F0 /* CategoryListViewController.swift in Sources */ = {isa = PBXBuildFile; fileRef = B38CD8042A53F6940059C8F0 /* CategoryListViewController.swift */; };
		B38CD8072A53F6A40059C8F0 /* CategoryViewModel.swift in Sources */ = {isa = PBXBuildFile; fileRef = B38CD8062A53F6A40059C8F0 /* CategoryViewModel.swift */; };
		B38CD80A2A53FF890059C8F0 /* PriceTextFieldCell.swift in Sources */ = {isa = PBXBuildFile; fileRef = B38CD8092A53FF890059C8F0 /* PriceTextFieldCell.swift */; };
		B38CD80C2A53FF9C0059C8F0 /* PriceTextFieldCellViewModel.swift in Sources */ = {isa = PBXBuildFile; fileRef = B38CD80B2A53FF9C0059C8F0 /* PriceTextFieldCellViewModel.swift */; };
		B38EFB9A2A820D4500812875 /* MVVMTestViewController.swift in Sources */ = {isa = PBXBuildFile; fileRef = B38EFB992A820D4500812875 /* MVVMTestViewController.swift */; };
		B38EFB9D2A820DF900812875 /* MVVMTestViewModel.swift in Sources */ = {isa = PBXBuildFile; fileRef = B38EFB9C2A820DF900812875 /* MVVMTestViewModel.swift */; };
		B38EFB9F2A820F1000812875 /* User.swift in Sources */ = {isa = PBXBuildFile; fileRef = B38EFB9E2A820F1000812875 /* User.swift */; };
		B38EFBA12A8212B700812875 /* UserTableViewCell.swift in Sources */ = {isa = PBXBuildFile; fileRef = B38EFBA02A8212B700812875 /* UserTableViewCell.swift */; };
		B38EFBA42A832A0D00812875 /* MVVMLoginViewController.swift in Sources */ = {isa = PBXBuildFile; fileRef = B38EFBA32A832A0D00812875 /* MVVMLoginViewController.swift */; };
		B38EFBA62A835F7D00812875 /* MVVMLoginViewModel.swift in Sources */ = {isa = PBXBuildFile; fileRef = B38EFBA52A835F7D00812875 /* MVVMLoginViewModel.swift */; };
		B38EFBA92A836A5900812875 /* MoyaService.swift in Sources */ = {isa = PBXBuildFile; fileRef = B38EFBA82A836A5900812875 /* MoyaService.swift */; };
		B38EFBAB2A836D5F00812875 /* MoyaViewModel.swift in Sources */ = {isa = PBXBuildFile; fileRef = B38EFBAA2A836D5F00812875 /* MoyaViewModel.swift */; };
		B38EFBAE2A83723E00812875 /* CombineMoya in Frameworks */ = {isa = PBXBuildFile; productRef = B38EFBAD2A83723E00812875 /* CombineMoya */; };
		B38EFBB02A83723E00812875 /* Moya in Frameworks */ = {isa = PBXBuildFile; productRef = B38EFBAF2A83723E00812875 /* Moya */; };
		B38EFBB22A83723E00812875 /* ReactiveMoya in Frameworks */ = {isa = PBXBuildFile; productRef = B38EFBB12A83723E00812875 /* ReactiveMoya */; };
		B38EFBB42A83723E00812875 /* RxMoya in Frameworks */ = {isa = PBXBuildFile; productRef = B38EFBB32A83723E00812875 /* RxMoya */; };
		B38EFBB62A83749100812875 /* MoyaViewController.swift in Sources */ = {isa = PBXBuildFile; fileRef = B38EFBB52A83749100812875 /* MoyaViewController.swift */; };
		B38EFBB82A83786D00812875 /* UserModel.swift in Sources */ = {isa = PBXBuildFile; fileRef = B38EFBB72A83786D00812875 /* UserModel.swift */; };
		B3B35AE72A5BEE3600A2D557 /* DetailWriteFormCell.swift in Sources */ = {isa = PBXBuildFile; fileRef = B3B35AE62A5BEE3600A2D557 /* DetailWriteFormCell.swift */; };
		B3B35AE92A5BEE5200A2D557 /* DetailWriteFormCellViewModel.swift in Sources */ = {isa = PBXBuildFile; fileRef = B3B35AE82A5BEE5200A2D557 /* DetailWriteFormCellViewModel.swift */; };
		B3C8EABB2A42B70500C31551 /* MenuListViewModel.swift in Sources */ = {isa = PBXBuildFile; fileRef = B3C8EABA2A42B70500C31551 /* MenuListViewModel.swift */; };
		B3D83C032A28598900515C45 /* IssueListViewController.swift in Sources */ = {isa = PBXBuildFile; fileRef = B3D83C022A28598900515C45 /* IssueListViewController.swift */; };
		B3D83C052A285A3700515C45 /* IssueListView.swift in Sources */ = {isa = PBXBuildFile; fileRef = B3D83C042A285A3600515C45 /* IssueListView.swift */; };
		B3D83C072A28600F00515C45 /* GithubEndpoint.swift in Sources */ = {isa = PBXBuildFile; fileRef = B3D83C062A28600F00515C45 /* GithubEndpoint.swift */; };
		B3DEC7892A315F0000B6D8B7 /* IssueEntity.swift in Sources */ = {isa = PBXBuildFile; fileRef = B3DEC7882A315F0000B6D8B7 /* IssueEntity.swift */; };
		B3DEC78B2A315F1A00B6D8B7 /* RepositoryEntity.swift in Sources */ = {isa = PBXBuildFile; fileRef = B3DEC78A2A315F1A00B6D8B7 /* RepositoryEntity.swift */; };
		B3DEC78D2A316CAE00B6D8B7 /* IssueTrackerModel.swift in Sources */ = {isa = PBXBuildFile; fileRef = B3DEC78C2A316CAE00B6D8B7 /* IssueTrackerModel.swift */; };
		B3DEC7952A31B82100B6D8B7 /* LoginViewController.swift in Sources */ = {isa = PBXBuildFile; fileRef = B3DEC7942A31B82100B6D8B7 /* LoginViewController.swift */; };
		B3DEC7972A31B86200B6D8B7 /* LoginView.swift in Sources */ = {isa = PBXBuildFile; fileRef = B3DEC7962A31B86200B6D8B7 /* LoginView.swift */; };
		B3F1421D2A27080A00D2FB72 /* AppDelegate.swift in Sources */ = {isa = PBXBuildFile; fileRef = B3F1421C2A27080A00D2FB72 /* AppDelegate.swift */; };
		B3F1421F2A27080A00D2FB72 /* SceneDelegate.swift in Sources */ = {isa = PBXBuildFile; fileRef = B3F1421E2A27080A00D2FB72 /* SceneDelegate.swift */; };
		B3F142212A27080A00D2FB72 /* ViewController.swift in Sources */ = {isa = PBXBuildFile; fileRef = B3F142202A27080A00D2FB72 /* ViewController.swift */; };
		B3F142242A27080A00D2FB72 /* Main.storyboard in Resources */ = {isa = PBXBuildFile; fileRef = B3F142222A27080A00D2FB72 /* Main.storyboard */; };
		B3F142262A27080C00D2FB72 /* Assets.xcassets in Resources */ = {isa = PBXBuildFile; fileRef = B3F142252A27080C00D2FB72 /* Assets.xcassets */; };
		B3F142292A27080C00D2FB72 /* LaunchScreen.storyboard in Resources */ = {isa = PBXBuildFile; fileRef = B3F142272A27080C00D2FB72 /* LaunchScreen.storyboard */; };
		B3F142322A2709DD00D2FB72 /* SnapKit in Frameworks */ = {isa = PBXBuildFile; productRef = B3F142312A2709DD00D2FB72 /* SnapKit */; };
		B3F1423A2A270A0D00D2FB72 /* Then in Frameworks */ = {isa = PBXBuildFile; productRef = B3F142392A270A0D00D2FB72 /* Then */; };
		B3F1423C2A270D6A00D2FB72 /* CitySearcherViewController.swift in Sources */ = {isa = PBXBuildFile; fileRef = B3F1423B2A270D6A00D2FB72 /* CitySearcherViewController.swift */; };
		B3F1423E2A270D9100D2FB72 /* CitySearcherView.swift in Sources */ = {isa = PBXBuildFile; fileRef = B3F1423D2A270D9100D2FB72 /* CitySearcherView.swift */; };
		B3F142412A27200800D2FB72 /* CircleViewController.swift in Sources */ = {isa = PBXBuildFile; fileRef = B3F142402A27200800D2FB72 /* CircleViewController.swift */; };
		B3F142452A272CB100D2FB72 /* CircleViewModel.swift in Sources */ = {isa = PBXBuildFile; fileRef = B3F142442A272CB100D2FB72 /* CircleViewModel.swift */; };
		B3F6E43A2A64D16000E0844A /* BindingRxCocoaViewController.swift in Sources */ = {isa = PBXBuildFile; fileRef = B3F6E4392A64D16000E0844A /* BindingRxCocoaViewController.swift */; };
		B3F6E43C2A64D17800E0844A /* BindingCocoaTouchViewController.swift in Sources */ = {isa = PBXBuildFile; fileRef = B3F6E43B2A64D17800E0844A /* BindingCocoaTouchViewController.swift */; };
		B3F6E4432A650D1100E0844A /* Memo.swift in Sources */ = {isa = PBXBuildFile; fileRef = B3F6E4422A650D1100E0844A /* Memo.swift */; };
		B3F6E4452A650E9800E0844A /* MemoStorageType.swift in Sources */ = {isa = PBXBuildFile; fileRef = B3F6E4442A650E9800E0844A /* MemoStorageType.swift */; };
		B3F6E44A2A652C4C00E0844A /* MemoryStorage.swift in Sources */ = {isa = PBXBuildFile; fileRef = B3F6E4492A652C4C00E0844A /* MemoryStorage.swift */; };
		B3F6E44D2A652D4F00E0844A /* RxMemo.xcdatamodeld in Sources */ = {isa = PBXBuildFile; fileRef = B3F6E44B2A652D4F00E0844A /* RxMemo.xcdatamodeld */; };
		B3F6E44F2A661F8F00E0844A /* MemoListViewController.swift in Sources */ = {isa = PBXBuildFile; fileRef = B3F6E44E2A661F8F00E0844A /* MemoListViewController.swift */; };
		B3F6E4512A66267300E0844A /* MemoDetailViewController.swift in Sources */ = {isa = PBXBuildFile; fileRef = B3F6E4502A66267300E0844A /* MemoDetailViewController.swift */; };
		B3F6E4532A66298400E0844A /* MemoListViewModel.swift in Sources */ = {isa = PBXBuildFile; fileRef = B3F6E4522A66298400E0844A /* MemoListViewModel.swift */; };
		B3F6E4552A6629F600E0844A /* MemoDetailViewModel.swift in Sources */ = {isa = PBXBuildFile; fileRef = B3F6E4542A6629F600E0844A /* MemoDetailViewModel.swift */; };
		B3F6E4572A662A1600E0844A /* MemoComposeViewController.swift in Sources */ = {isa = PBXBuildFile; fileRef = B3F6E4562A662A1600E0844A /* MemoComposeViewController.swift */; };
		B3F6E4592A662A2900E0844A /* MemoComposeViewModel.swift in Sources */ = {isa = PBXBuildFile; fileRef = B3F6E4582A662A2900E0844A /* MemoComposeViewModel.swift */; };
		B3F6E45B2A662A6400E0844A /* ViewModelBindableType.swift in Sources */ = {isa = PBXBuildFile; fileRef = B3F6E45A2A662A6400E0844A /* ViewModelBindableType.swift */; };
		B3F6E45E2A662DFE00E0844A /* TransitionModel.swift in Sources */ = {isa = PBXBuildFile; fileRef = B3F6E45D2A662DFE00E0844A /* TransitionModel.swift */; };
		B3F6E4602A662E3400E0844A /* Scene.swift in Sources */ = {isa = PBXBuildFile; fileRef = B3F6E45F2A662E3400E0844A /* Scene.swift */; };
		B3F6E4622A6655A700E0844A /* SceneCoordinatorType.swift in Sources */ = {isa = PBXBuildFile; fileRef = B3F6E4612A6655A700E0844A /* SceneCoordinatorType.swift */; };
		B3F6E4642A66587800E0844A /* SceneCoordinator.swift in Sources */ = {isa = PBXBuildFile; fileRef = B3F6E4632A66587800E0844A /* SceneCoordinator.swift */; };
		B3F6E4662A66674D00E0844A /* CommonViewModel.swift in Sources */ = {isa = PBXBuildFile; fileRef = B3F6E4652A66674D00E0844A /* CommonViewModel.swift */; };
		B3FB7AEF2A4163BD007B68AC /* SimpleLoginViewController.swift in Sources */ = {isa = PBXBuildFile; fileRef = B3FB7AEE2A4163BD007B68AC /* SimpleLoginViewController.swift */; };
		B3FB7AF12A4163CE007B68AC /* SimpleLoginView.swift in Sources */ = {isa = PBXBuildFile; fileRef = B3FB7AF02A4163CE007B68AC /* SimpleLoginView.swift */; };
		B3FB7AF32A4163DF007B68AC /* SimpleLoginViewModel.swift in Sources */ = {isa = PBXBuildFile; fileRef = B3FB7AF22A4163DF007B68AC /* SimpleLoginViewModel.swift */; };
		B3FB7AF62A416D51007B68AC /* OrderViewController.swift in Sources */ = {isa = PBXBuildFile; fileRef = B3FB7AF52A416D51007B68AC /* OrderViewController.swift */; };
		B3FB7AF82A416DEF007B68AC /* OrderView.swift in Sources */ = {isa = PBXBuildFile; fileRef = B3FB7AF72A416DEF007B68AC /* OrderView.swift */; };
		B3FB7AFA2A41875E007B68AC /* OrderTableViewCell.swift in Sources */ = {isa = PBXBuildFile; fileRef = B3FB7AF92A41875E007B68AC /* OrderTableViewCell.swift */; };
/* End PBXBuildFile section */

/* Begin PBXFileReference section */
		B32E44642A5E3DB700BC88D3 /* UsedGoodsModel.swift */ = {isa = PBXFileReference; lastKnownFileType = sourcecode.swift; path = UsedGoodsModel.swift; sourceTree = "<group>"; };
		B33A11362A4A9DC7002D5258 /* GithubTableViewController.swift */ = {isa = PBXFileReference; lastKnownFileType = sourcecode.swift; path = GithubTableViewController.swift; sourceTree = "<group>"; };
		B33A11382A4A9E1D002D5258 /* GithubTableViewCell.swift */ = {isa = PBXFileReference; lastKnownFileType = sourcecode.swift; path = GithubTableViewCell.swift; sourceTree = "<group>"; };
		B33A113A2A4AA29F002D5258 /* GitRepository.swift */ = {isa = PBXFileReference; lastKnownFileType = sourcecode.swift; path = GitRepository.swift; sourceTree = "<group>"; };
		B33A11402A4C0F34002D5258 /* SearchBlogViewController.swift */ = {isa = PBXFileReference; lastKnownFileType = sourcecode.swift; path = SearchBlogViewController.swift; sourceTree = "<group>"; };
		B33A11422A4C122C002D5258 /* SearchBar.swift */ = {isa = PBXFileReference; lastKnownFileType = sourcecode.swift; path = SearchBar.swift; sourceTree = "<group>"; };
		B33A11442A4C1C01002D5258 /* FilterView.swift */ = {isa = PBXFileReference; lastKnownFileType = sourcecode.swift; path = FilterView.swift; sourceTree = "<group>"; };
		B33A11462A4C2018002D5258 /* BlogListView.swift */ = {isa = PBXFileReference; lastKnownFileType = sourcecode.swift; path = BlogListView.swift; sourceTree = "<group>"; };
		B33A11492A4D1901002D5258 /* BlogListCell.swift */ = {isa = PBXFileReference; lastKnownFileType = sourcecode.swift; path = BlogListCell.swift; sourceTree = "<group>"; };
		B33A114E2A4D198A002D5258 /* BlogListCellData.swift */ = {isa = PBXFileReference; lastKnownFileType = sourcecode.swift; path = BlogListCellData.swift; sourceTree = "<group>"; };
		B33A11512A4D5A34002D5258 /* AlertActionConvertible.swift */ = {isa = PBXFileReference; lastKnownFileType = sourcecode.swift; path = AlertActionConvertible.swift; sourceTree = "<group>"; };
		B33A11532A4D5D39002D5258 /* Blog.swift */ = {isa = PBXFileReference; lastKnownFileType = sourcecode.swift; path = Blog.swift; sourceTree = "<group>"; };
		B33A11562A4D5FC5002D5258 /* SearchBlogNetwork.swift */ = {isa = PBXFileReference; lastKnownFileType = sourcecode.swift; path = SearchBlogNetwork.swift; sourceTree = "<group>"; };
		B33A11582A4E92A8002D5258 /* SearchNetworkError.swift */ = {isa = PBXFileReference; lastKnownFileType = sourcecode.swift; path = SearchNetworkError.swift; sourceTree = "<group>"; };
		B36948172A3FEC5C00DB1BAB /* MyTableViewController.swift */ = {isa = PBXFileReference; lastKnownFileType = sourcecode.swift; path = MyTableViewController.swift; sourceTree = "<group>"; };
		B36948192A3FECA000DB1BAB /* MyTable.swift */ = {isa = PBXFileReference; lastKnownFileType = sourcecode.swift; path = MyTable.swift; sourceTree = "<group>"; };
		B38CD7F62A528B8E0059C8F0 /* UsedGoodsViewController.swift */ = {isa = PBXFileReference; lastKnownFileType = sourcecode.swift; path = UsedGoodsViewController.swift; sourceTree = "<group>"; };
		B38CD7F82A528C0D0059C8F0 /* UsedGoodsViewModel.swift */ = {isa = PBXFileReference; lastKnownFileType = sourcecode.swift; path = UsedGoodsViewModel.swift; sourceTree = "<group>"; };
		B38CD7FB2A5299270059C8F0 /* TitleTextFieldCell.swift */ = {isa = PBXFileReference; lastKnownFileType = sourcecode.swift; path = TitleTextFieldCell.swift; sourceTree = "<group>"; };
		B38CD7FD2A5299390059C8F0 /* TitleTextFieldViewModel.swift */ = {isa = PBXFileReference; lastKnownFileType = sourcecode.swift; path = TitleTextFieldViewModel.swift; sourceTree = "<group>"; };
		B38CD8012A52A22A0059C8F0 /* Category.swift */ = {isa = PBXFileReference; lastKnownFileType = sourcecode.swift; path = Category.swift; sourceTree = "<group>"; };
		B38CD8042A53F6940059C8F0 /* CategoryListViewController.swift */ = {isa = PBXFileReference; lastKnownFileType = sourcecode.swift; path = CategoryListViewController.swift; sourceTree = "<group>"; };
		B38CD8062A53F6A40059C8F0 /* CategoryViewModel.swift */ = {isa = PBXFileReference; lastKnownFileType = sourcecode.swift; path = CategoryViewModel.swift; sourceTree = "<group>"; };
		B38CD8092A53FF890059C8F0 /* PriceTextFieldCell.swift */ = {isa = PBXFileReference; lastKnownFileType = sourcecode.swift; path = PriceTextFieldCell.swift; sourceTree = "<group>"; };
		B38CD80B2A53FF9C0059C8F0 /* PriceTextFieldCellViewModel.swift */ = {isa = PBXFileReference; lastKnownFileType = sourcecode.swift; path = PriceTextFieldCellViewModel.swift; sourceTree = "<group>"; };
		B38EFB992A820D4500812875 /* MVVMTestViewController.swift */ = {isa = PBXFileReference; lastKnownFileType = sourcecode.swift; path = MVVMTestViewController.swift; sourceTree = "<group>"; };
		B38EFB9C2A820DF900812875 /* MVVMTestViewModel.swift */ = {isa = PBXFileReference; lastKnownFileType = sourcecode.swift; path = MVVMTestViewModel.swift; sourceTree = "<group>"; };
		B38EFB9E2A820F1000812875 /* User.swift */ = {isa = PBXFileReference; lastKnownFileType = sourcecode.swift; path = User.swift; sourceTree = "<group>"; };
		B38EFBA02A8212B700812875 /* UserTableViewCell.swift */ = {isa = PBXFileReference; lastKnownFileType = sourcecode.swift; path = UserTableViewCell.swift; sourceTree = "<group>"; };
		B38EFBA32A832A0D00812875 /* MVVMLoginViewController.swift */ = {isa = PBXFileReference; lastKnownFileType = sourcecode.swift; path = MVVMLoginViewController.swift; sourceTree = "<group>"; };
		B38EFBA52A835F7D00812875 /* MVVMLoginViewModel.swift */ = {isa = PBXFileReference; lastKnownFileType = sourcecode.swift; path = MVVMLoginViewModel.swift; sourceTree = "<group>"; };
		B38EFBA82A836A5900812875 /* MoyaService.swift */ = {isa = PBXFileReference; lastKnownFileType = sourcecode.swift; path = MoyaService.swift; sourceTree = "<group>"; };
		B38EFBAA2A836D5F00812875 /* MoyaViewModel.swift */ = {isa = PBXFileReference; lastKnownFileType = sourcecode.swift; path = MoyaViewModel.swift; sourceTree = "<group>"; };
		B38EFBB52A83749100812875 /* MoyaViewController.swift */ = {isa = PBXFileReference; lastKnownFileType = sourcecode.swift; path = MoyaViewController.swift; sourceTree = "<group>"; };
		B38EFBB72A83786D00812875 /* UserModel.swift */ = {isa = PBXFileReference; lastKnownFileType = sourcecode.swift; path = UserModel.swift; sourceTree = "<group>"; };
		B3B35AE62A5BEE3600A2D557 /* DetailWriteFormCell.swift */ = {isa = PBXFileReference; lastKnownFileType = sourcecode.swift; path = DetailWriteFormCell.swift; sourceTree = "<group>"; };
		B3B35AE82A5BEE5200A2D557 /* DetailWriteFormCellViewModel.swift */ = {isa = PBXFileReference; lastKnownFileType = sourcecode.swift; path = DetailWriteFormCellViewModel.swift; sourceTree = "<group>"; };
		B3C8EABA2A42B70500C31551 /* MenuListViewModel.swift */ = {isa = PBXFileReference; lastKnownFileType = sourcecode.swift; path = MenuListViewModel.swift; sourceTree = "<group>"; };
		B3D83C022A28598900515C45 /* IssueListViewController.swift */ = {isa = PBXFileReference; lastKnownFileType = sourcecode.swift; path = IssueListViewController.swift; sourceTree = "<group>"; };
		B3D83C042A285A3600515C45 /* IssueListView.swift */ = {isa = PBXFileReference; lastKnownFileType = sourcecode.swift; path = IssueListView.swift; sourceTree = "<group>"; };
		B3D83C062A28600F00515C45 /* GithubEndpoint.swift */ = {isa = PBXFileReference; lastKnownFileType = sourcecode.swift; path = GithubEndpoint.swift; sourceTree = "<group>"; };
		B3DEC7882A315F0000B6D8B7 /* IssueEntity.swift */ = {isa = PBXFileReference; lastKnownFileType = sourcecode.swift; path = IssueEntity.swift; sourceTree = "<group>"; };
		B3DEC78A2A315F1A00B6D8B7 /* RepositoryEntity.swift */ = {isa = PBXFileReference; lastKnownFileType = sourcecode.swift; path = RepositoryEntity.swift; sourceTree = "<group>"; };
		B3DEC78C2A316CAE00B6D8B7 /* IssueTrackerModel.swift */ = {isa = PBXFileReference; lastKnownFileType = sourcecode.swift; path = IssueTrackerModel.swift; sourceTree = "<group>"; };
		B3DEC7942A31B82100B6D8B7 /* LoginViewController.swift */ = {isa = PBXFileReference; lastKnownFileType = sourcecode.swift; path = LoginViewController.swift; sourceTree = "<group>"; };
		B3DEC7962A31B86200B6D8B7 /* LoginView.swift */ = {isa = PBXFileReference; lastKnownFileType = sourcecode.swift; path = LoginView.swift; sourceTree = "<group>"; };
		B3F142192A27080A00D2FB72 /* RxSwiftExample.app */ = {isa = PBXFileReference; explicitFileType = wrapper.application; includeInIndex = 0; path = RxSwiftExample.app; sourceTree = BUILT_PRODUCTS_DIR; };
		B3F1421C2A27080A00D2FB72 /* AppDelegate.swift */ = {isa = PBXFileReference; lastKnownFileType = sourcecode.swift; path = AppDelegate.swift; sourceTree = "<group>"; };
		B3F1421E2A27080A00D2FB72 /* SceneDelegate.swift */ = {isa = PBXFileReference; lastKnownFileType = sourcecode.swift; path = SceneDelegate.swift; sourceTree = "<group>"; };
		B3F142202A27080A00D2FB72 /* ViewController.swift */ = {isa = PBXFileReference; lastKnownFileType = sourcecode.swift; path = ViewController.swift; sourceTree = "<group>"; };
		B3F142232A27080A00D2FB72 /* Base */ = {isa = PBXFileReference; lastKnownFileType = file.storyboard; name = Base; path = Base.lproj/Main.storyboard; sourceTree = "<group>"; };
		B3F142252A27080C00D2FB72 /* Assets.xcassets */ = {isa = PBXFileReference; lastKnownFileType = folder.assetcatalog; path = Assets.xcassets; sourceTree = "<group>"; };
		B3F142282A27080C00D2FB72 /* Base */ = {isa = PBXFileReference; lastKnownFileType = file.storyboard; name = Base; path = Base.lproj/LaunchScreen.storyboard; sourceTree = "<group>"; };
		B3F1422A2A27080C00D2FB72 /* Info.plist */ = {isa = PBXFileReference; lastKnownFileType = text.plist.xml; path = Info.plist; sourceTree = "<group>"; };
		B3F1423B2A270D6A00D2FB72 /* CitySearcherViewController.swift */ = {isa = PBXFileReference; lastKnownFileType = sourcecode.swift; path = CitySearcherViewController.swift; sourceTree = "<group>"; };
		B3F1423D2A270D9100D2FB72 /* CitySearcherView.swift */ = {isa = PBXFileReference; lastKnownFileType = sourcecode.swift; path = CitySearcherView.swift; sourceTree = "<group>"; };
		B3F142402A27200800D2FB72 /* CircleViewController.swift */ = {isa = PBXFileReference; lastKnownFileType = sourcecode.swift; path = CircleViewController.swift; sourceTree = "<group>"; };
		B3F142442A272CB100D2FB72 /* CircleViewModel.swift */ = {isa = PBXFileReference; lastKnownFileType = sourcecode.swift; path = CircleViewModel.swift; sourceTree = "<group>"; };
		B3F6E4392A64D16000E0844A /* BindingRxCocoaViewController.swift */ = {isa = PBXFileReference; lastKnownFileType = sourcecode.swift; path = BindingRxCocoaViewController.swift; sourceTree = "<group>"; };
		B3F6E43B2A64D17800E0844A /* BindingCocoaTouchViewController.swift */ = {isa = PBXFileReference; lastKnownFileType = sourcecode.swift; path = BindingCocoaTouchViewController.swift; sourceTree = "<group>"; };
		B3F6E4422A650D1100E0844A /* Memo.swift */ = {isa = PBXFileReference; lastKnownFileType = sourcecode.swift; path = Memo.swift; sourceTree = "<group>"; };
		B3F6E4442A650E9800E0844A /* MemoStorageType.swift */ = {isa = PBXFileReference; lastKnownFileType = sourcecode.swift; path = MemoStorageType.swift; sourceTree = "<group>"; };
		B3F6E4492A652C4C00E0844A /* MemoryStorage.swift */ = {isa = PBXFileReference; lastKnownFileType = sourcecode.swift; path = MemoryStorage.swift; sourceTree = "<group>"; };
		B3F6E44C2A652D4F00E0844A /* RxMemo.xcdatamodel */ = {isa = PBXFileReference; lastKnownFileType = wrapper.xcdatamodel; path = RxMemo.xcdatamodel; sourceTree = "<group>"; };
		B3F6E44E2A661F8F00E0844A /* MemoListViewController.swift */ = {isa = PBXFileReference; lastKnownFileType = sourcecode.swift; path = MemoListViewController.swift; sourceTree = "<group>"; };
		B3F6E4502A66267300E0844A /* MemoDetailViewController.swift */ = {isa = PBXFileReference; lastKnownFileType = sourcecode.swift; path = MemoDetailViewController.swift; sourceTree = "<group>"; };
		B3F6E4522A66298400E0844A /* MemoListViewModel.swift */ = {isa = PBXFileReference; lastKnownFileType = sourcecode.swift; path = MemoListViewModel.swift; sourceTree = "<group>"; };
		B3F6E4542A6629F600E0844A /* MemoDetailViewModel.swift */ = {isa = PBXFileReference; lastKnownFileType = sourcecode.swift; path = MemoDetailViewModel.swift; sourceTree = "<group>"; };
		B3F6E4562A662A1600E0844A /* MemoComposeViewController.swift */ = {isa = PBXFileReference; lastKnownFileType = sourcecode.swift; path = MemoComposeViewController.swift; sourceTree = "<group>"; };
		B3F6E4582A662A2900E0844A /* MemoComposeViewModel.swift */ = {isa = PBXFileReference; lastKnownFileType = sourcecode.swift; path = MemoComposeViewModel.swift; sourceTree = "<group>"; };
		B3F6E45A2A662A6400E0844A /* ViewModelBindableType.swift */ = {isa = PBXFileReference; lastKnownFileType = sourcecode.swift; path = ViewModelBindableType.swift; sourceTree = "<group>"; };
		B3F6E45D2A662DFE00E0844A /* TransitionModel.swift */ = {isa = PBXFileReference; lastKnownFileType = sourcecode.swift; path = TransitionModel.swift; sourceTree = "<group>"; };
		B3F6E45F2A662E3400E0844A /* Scene.swift */ = {isa = PBXFileReference; lastKnownFileType = sourcecode.swift; path = Scene.swift; sourceTree = "<group>"; };
		B3F6E4612A6655A700E0844A /* SceneCoordinatorType.swift */ = {isa = PBXFileReference; lastKnownFileType = sourcecode.swift; path = SceneCoordinatorType.swift; sourceTree = "<group>"; };
		B3F6E4632A66587800E0844A /* SceneCoordinator.swift */ = {isa = PBXFileReference; lastKnownFileType = sourcecode.swift; path = SceneCoordinator.swift; sourceTree = "<group>"; };
		B3F6E4652A66674D00E0844A /* CommonViewModel.swift */ = {isa = PBXFileReference; lastKnownFileType = sourcecode.swift; path = CommonViewModel.swift; sourceTree = "<group>"; };
		B3FB7AEE2A4163BD007B68AC /* SimpleLoginViewController.swift */ = {isa = PBXFileReference; lastKnownFileType = sourcecode.swift; path = SimpleLoginViewController.swift; sourceTree = "<group>"; };
		B3FB7AF02A4163CE007B68AC /* SimpleLoginView.swift */ = {isa = PBXFileReference; lastKnownFileType = sourcecode.swift; path = SimpleLoginView.swift; sourceTree = "<group>"; };
		B3FB7AF22A4163DF007B68AC /* SimpleLoginViewModel.swift */ = {isa = PBXFileReference; lastKnownFileType = sourcecode.swift; path = SimpleLoginViewModel.swift; sourceTree = "<group>"; };
		B3FB7AF52A416D51007B68AC /* OrderViewController.swift */ = {isa = PBXFileReference; lastKnownFileType = sourcecode.swift; path = OrderViewController.swift; sourceTree = "<group>"; };
		B3FB7AF72A416DEF007B68AC /* OrderView.swift */ = {isa = PBXFileReference; lastKnownFileType = sourcecode.swift; path = OrderView.swift; sourceTree = "<group>"; };
		B3FB7AF92A41875E007B68AC /* OrderTableViewCell.swift */ = {isa = PBXFileReference; lastKnownFileType = sourcecode.swift; path = OrderTableViewCell.swift; sourceTree = "<group>"; };
/* End PBXFileReference section */

/* Begin PBXFrameworksBuildPhase section */
		B3F142162A27080A00D2FB72 /* Frameworks */ = {
			isa = PBXFrameworksBuildPhase;
			buildActionMask = 2147483647;
			files = (
				B3F142322A2709DD00D2FB72 /* SnapKit in Frameworks */,
				B30FBCB12A32BDB9004A3495 /* Moya-ModelMapper in Frameworks */,
				B38EFBAE2A83723E00812875 /* CombineMoya in Frameworks */,
				B30FBC972A32B525004A3495 /* RxOptional in Frameworks */,
				B33A113F2A4C0EE5002D5258 /* Kingfisher in Frameworks */,
				B30FBC942A32B504004A3495 /* RxSwift in Frameworks */,
				B38EFBB42A83723E00812875 /* RxMoya in Frameworks */,
				B36948162A3FEC2500DB1BAB /* RxDataSources in Frameworks */,
				B30FBC922A32B504004A3495 /* RxCocoa in Frameworks */,
				B38EFBB02A83723E00812875 /* Moya in Frameworks */,
				B3F1423A2A270A0D00D2FB72 /* Then in Frameworks */,
				B38EFBB22A83723E00812875 /* ReactiveMoya in Frameworks */,
			);
			runOnlyForDeploymentPostprocessing = 0;
		};
/* End PBXFrameworksBuildPhase section */

/* Begin PBXGroup section */
		B33A11352A49644E002D5258 /* Github */ = {
			isa = PBXGroup;
			children = (
				B33A11362A4A9DC7002D5258 /* GithubTableViewController.swift */,
				B33A11382A4A9E1D002D5258 /* GithubTableViewCell.swift */,
				B33A113A2A4AA29F002D5258 /* GitRepository.swift */,
			);
			path = Github;
			sourceTree = "<group>";
		};
		B33A113C2A4ACD4A002D5258 /* SearchBlog */ = {
			isa = PBXGroup;
			children = (
				B33A114D2A4D197C002D5258 /* Entities */,
				B33A11552A4D5FAE002D5258 /* Network */,
				B33A114C2A4D1932002D5258 /* Presentation */,
			);
			path = SearchBlog;
			sourceTree = "<group>";
		};
		B33A11482A4D18C3002D5258 /* TableView */ = {
			isa = PBXGroup;
			children = (
				B33A11442A4C1C01002D5258 /* FilterView.swift */,
				B33A11462A4C2018002D5258 /* BlogListView.swift */,
				B33A11492A4D1901002D5258 /* BlogListCell.swift */,
			);
			path = TableView;
			sourceTree = "<group>";
		};
		B33A114C2A4D1932002D5258 /* Presentation */ = {
			isa = PBXGroup;
			children = (
				B33A11402A4C0F34002D5258 /* SearchBlogViewController.swift */,
				B33A11422A4C122C002D5258 /* SearchBar.swift */,
				B33A11482A4D18C3002D5258 /* TableView */,
			);
			path = Presentation;
			sourceTree = "<group>";
		};
		B33A114D2A4D197C002D5258 /* Entities */ = {
			isa = PBXGroup;
			children = (
				B33A114E2A4D198A002D5258 /* BlogListCellData.swift */,
				B33A11512A4D5A34002D5258 /* AlertActionConvertible.swift */,
				B33A11532A4D5D39002D5258 /* Blog.swift */,
				B33A11582A4E92A8002D5258 /* SearchNetworkError.swift */,
			);
			path = Entities;
			sourceTree = "<group>";
		};
		B33A11552A4D5FAE002D5258 /* Network */ = {
			isa = PBXGroup;
			children = (
				B33A11562A4D5FC5002D5258 /* SearchBlogNetwork.swift */,
			);
			path = Network;
			sourceTree = "<group>";
		};
		B36948132A3FEA8900DB1BAB /* MyTable */ = {
			isa = PBXGroup;
			children = (
				B36948172A3FEC5C00DB1BAB /* MyTableViewController.swift */,
				B36948192A3FECA000DB1BAB /* MyTable.swift */,
			);
			path = MyTable;
			sourceTree = "<group>";
		};
		B38CD7F52A5289D90059C8F0 /* UsedGoods */ = {
			isa = PBXGroup;
			children = (
				B38CD7F62A528B8E0059C8F0 /* UsedGoodsViewController.swift */,
				B38CD7F82A528C0D0059C8F0 /* UsedGoodsViewModel.swift */,
				B32E44642A5E3DB700BC88D3 /* UsedGoodsModel.swift */,
				B38CD8002A52A20A0059C8F0 /* Entities */,
				B38CD7FF2A5299680059C8F0 /* SubComponents */,
			);
			path = UsedGoods;
			sourceTree = "<group>";
		};
		B38CD7FA2A5298FD0059C8F0 /* TitleTextFieldCell */ = {
			isa = PBXGroup;
			children = (
				B38CD7FB2A5299270059C8F0 /* TitleTextFieldCell.swift */,
				B38CD7FD2A5299390059C8F0 /* TitleTextFieldViewModel.swift */,
			);
			path = TitleTextFieldCell;
			sourceTree = "<group>";
		};
		B38CD7FF2A5299680059C8F0 /* SubComponents */ = {
			isa = PBXGroup;
			children = (
				B38CD7FA2A5298FD0059C8F0 /* TitleTextFieldCell */,
				B38CD8032A52A2D60059C8F0 /* CategoryListViewController */,
				B38CD8082A53FF6A0059C8F0 /* PriceTextFieldCell */,
				B3B35AE52A5BEE2100A2D557 /* DetailWriteFormCell */,
			);
			path = SubComponents;
			sourceTree = "<group>";
		};
		B38CD8002A52A20A0059C8F0 /* Entities */ = {
			isa = PBXGroup;
			children = (
				B38CD8012A52A22A0059C8F0 /* Category.swift */,
			);
			path = Entities;
			sourceTree = "<group>";
		};
		B38CD8032A52A2D60059C8F0 /* CategoryListViewController */ = {
			isa = PBXGroup;
			children = (
				B38CD8042A53F6940059C8F0 /* CategoryListViewController.swift */,
				B38CD8062A53F6A40059C8F0 /* CategoryViewModel.swift */,
			);
			path = CategoryListViewController;
			sourceTree = "<group>";
		};
		B38CD8082A53FF6A0059C8F0 /* PriceTextFieldCell */ = {
			isa = PBXGroup;
			children = (
				B38CD8092A53FF890059C8F0 /* PriceTextFieldCell.swift */,
				B38CD80B2A53FF9C0059C8F0 /* PriceTextFieldCellViewModel.swift */,
			);
			path = PriceTextFieldCell;
			sourceTree = "<group>";
		};
		B38EFB982A820D2C00812875 /* MVVMTest */ = {
			isa = PBXGroup;
			children = (
				B38EFB992A820D4500812875 /* MVVMTestViewController.swift */,
				B38EFB9C2A820DF900812875 /* MVVMTestViewModel.swift */,
				B38EFB9E2A820F1000812875 /* User.swift */,
				B38EFBA02A8212B700812875 /* UserTableViewCell.swift */,
			);
			path = MVVMTest;
			sourceTree = "<group>";
		};
		B38EFBA22A8329E500812875 /* MVVMLogin */ = {
			isa = PBXGroup;
			children = (
				B38EFBA32A832A0D00812875 /* MVVMLoginViewController.swift */,
				B38EFBA52A835F7D00812875 /* MVVMLoginViewModel.swift */,
			);
			path = MVVMLogin;
			sourceTree = "<group>";
		};
		B38EFBA72A836A0700812875 /* Moya */ = {
			isa = PBXGroup;
			children = (
				B38EFBA82A836A5900812875 /* MoyaService.swift */,
				B38EFBAA2A836D5F00812875 /* MoyaViewModel.swift */,
				B38EFBB52A83749100812875 /* MoyaViewController.swift */,
				B38EFBB72A83786D00812875 /* UserModel.swift */,
			);
			path = Moya;
			sourceTree = "<group>";
		};
		B3B35AE52A5BEE2100A2D557 /* DetailWriteFormCell */ = {
			isa = PBXGroup;
			children = (
				B3B35AE62A5BEE3600A2D557 /* DetailWriteFormCell.swift */,
				B3B35AE82A5BEE5200A2D557 /* DetailWriteFormCellViewModel.swift */,
			);
			path = DetailWriteFormCell;
			sourceTree = "<group>";
		};
		B3D83BFE2A28590100515C45 /* IssueList */ = {
			isa = PBXGroup;
			children = (
				B3D83C022A28598900515C45 /* IssueListViewController.swift */,
				B3D83C042A285A3600515C45 /* IssueListView.swift */,
				B3D83C062A28600F00515C45 /* GithubEndpoint.swift */,
				B3DEC7882A315F0000B6D8B7 /* IssueEntity.swift */,
				B3DEC78A2A315F1A00B6D8B7 /* RepositoryEntity.swift */,
				B3DEC78C2A316CAE00B6D8B7 /* IssueTrackerModel.swift */,
			);
			path = IssueList;
			sourceTree = "<group>";
		};
		B3D83C002A28593100515C45 /* CitySearcher */ = {
			isa = PBXGroup;
			children = (
				B3F1423B2A270D6A00D2FB72 /* CitySearcherViewController.swift */,
				B3F1423D2A270D9100D2FB72 /* CitySearcherView.swift */,
			);
			path = CitySearcher;
			sourceTree = "<group>";
		};
		B3D83C012A28594100515C45 /* Circle */ = {
			isa = PBXGroup;
			children = (
				B3F142402A27200800D2FB72 /* CircleViewController.swift */,
				B3F142442A272CB100D2FB72 /* CircleViewModel.swift */,
			);
			path = Circle;
			sourceTree = "<group>";
		};
		B3DEC7932A31B7E500B6D8B7 /* Login */ = {
			isa = PBXGroup;
			children = (
				B3DEC7942A31B82100B6D8B7 /* LoginViewController.swift */,
				B3DEC7962A31B86200B6D8B7 /* LoginView.swift */,
			);
			path = Login;
			sourceTree = "<group>";
		};
		B3F142102A27080A00D2FB72 = {
			isa = PBXGroup;
			children = (
				B3F1421B2A27080A00D2FB72 /* RxSwiftExample */,
				B3F1421A2A27080A00D2FB72 /* Products */,
			);
			sourceTree = "<group>";
		};
		B3F1421A2A27080A00D2FB72 /* Products */ = {
			isa = PBXGroup;
			children = (
				B3F142192A27080A00D2FB72 /* RxSwiftExample.app */,
			);
			name = Products;
			sourceTree = "<group>";
		};
		B3F1421B2A27080A00D2FB72 /* RxSwiftExample */ = {
			isa = PBXGroup;
			children = (
				B3F1421C2A27080A00D2FB72 /* AppDelegate.swift */,
				B3F1421E2A27080A00D2FB72 /* SceneDelegate.swift */,
				B3F142202A27080A00D2FB72 /* ViewController.swift */,
				B3F142222A27080A00D2FB72 /* Main.storyboard */,
				B3F142252A27080C00D2FB72 /* Assets.xcassets */,
				B3F142272A27080C00D2FB72 /* LaunchScreen.storyboard */,
				B3F1422A2A27080C00D2FB72 /* Info.plist */,
				B3D83C002A28593100515C45 /* CitySearcher */,
				B3D83C012A28594100515C45 /* Circle */,
				B3D83BFE2A28590100515C45 /* IssueList */,
				B3DEC7932A31B7E500B6D8B7 /* Login */,
				B36948132A3FEA8900DB1BAB /* MyTable */,
				B3FB7AED2A41637F007B68AC /* SimpleLogin */,
				B3FB7AF42A416CFC007B68AC /* Order */,
				B33A11352A49644E002D5258 /* Github */,
				B33A113C2A4ACD4A002D5258 /* SearchBlog */,
				B38CD7F52A5289D90059C8F0 /* UsedGoods */,
				B3F6E4382A64D0F200E0844A /* Binding */,
				B3F6E43D2A650AA600E0844A /* RxMemo */,
				B38EFB982A820D2C00812875 /* MVVMTest */,
				B38EFBA22A8329E500812875 /* MVVMLogin */,
				B38EFBA72A836A0700812875 /* Moya */,
			);
			path = RxSwiftExample;
			sourceTree = "<group>";
		};
		B3F6E4382A64D0F200E0844A /* Binding */ = {
			isa = PBXGroup;
			children = (
				B3F6E4392A64D16000E0844A /* BindingRxCocoaViewController.swift */,
				B3F6E43B2A64D17800E0844A /* BindingCocoaTouchViewController.swift */,
			);
			path = Binding;
			sourceTree = "<group>";
		};
		B3F6E43D2A650AA600E0844A /* RxMemo */ = {
			isa = PBXGroup;
			children = (
				B3F6E45C2A662DE600E0844A /* Scene */,
				B3F6E4412A650C8300E0844A /* Service */,
				B3F6E4402A650C7500E0844A /* ViewModel */,
				B3F6E43F2A650C6E00E0844A /* ViewController */,
				B3F6E43E2A650C6700E0844A /* Model */,
			);
			path = RxMemo;
			sourceTree = "<group>";
		};
		B3F6E43E2A650C6700E0844A /* Model */ = {
			isa = PBXGroup;
			children = (
				B3F6E4422A650D1100E0844A /* Memo.swift */,
			);
			path = Model;
			sourceTree = "<group>";
		};
		B3F6E43F2A650C6E00E0844A /* ViewController */ = {
			isa = PBXGroup;
			children = (
				B3F6E44E2A661F8F00E0844A /* MemoListViewController.swift */,
				B3F6E4502A66267300E0844A /* MemoDetailViewController.swift */,
				B3F6E4562A662A1600E0844A /* MemoComposeViewController.swift */,
				B3F6E45A2A662A6400E0844A /* ViewModelBindableType.swift */,
			);
			path = ViewController;
			sourceTree = "<group>";
		};
		B3F6E4402A650C7500E0844A /* ViewModel */ = {
			isa = PBXGroup;
			children = (
				B3F6E4522A66298400E0844A /* MemoListViewModel.swift */,
				B3F6E4542A6629F600E0844A /* MemoDetailViewModel.swift */,
				B3F6E4582A662A2900E0844A /* MemoComposeViewModel.swift */,
				B3F6E4652A66674D00E0844A /* CommonViewModel.swift */,
			);
			path = ViewModel;
			sourceTree = "<group>";
		};
		B3F6E4412A650C8300E0844A /* Service */ = {
			isa = PBXGroup;
			children = (
				B3F6E4482A652C2800E0844A /* CoreDataStorage */,
				B3F6E4462A652C1700E0844A /* MemoStorage */,
				B3F6E4442A650E9800E0844A /* MemoStorageType.swift */,
			);
			path = Service;
			sourceTree = "<group>";
		};
		B3F6E4462A652C1700E0844A /* MemoStorage */ = {
			isa = PBXGroup;
			children = (
				B3F6E4492A652C4C00E0844A /* MemoryStorage.swift */,
			);
			path = MemoStorage;
			sourceTree = "<group>";
		};
		B3F6E4482A652C2800E0844A /* CoreDataStorage */ = {
			isa = PBXGroup;
			children = (
				B3F6E44B2A652D4F00E0844A /* RxMemo.xcdatamodeld */,
			);
			path = CoreDataStorage;
			sourceTree = "<group>";
		};
		B3F6E45C2A662DE600E0844A /* Scene */ = {
			isa = PBXGroup;
			children = (
				B3F6E45D2A662DFE00E0844A /* TransitionModel.swift */,
				B3F6E45F2A662E3400E0844A /* Scene.swift */,
				B3F6E4612A6655A700E0844A /* SceneCoordinatorType.swift */,
				B3F6E4632A66587800E0844A /* SceneCoordinator.swift */,
			);
			path = Scene;
			sourceTree = "<group>";
		};
		B3FB7AED2A41637F007B68AC /* SimpleLogin */ = {
			isa = PBXGroup;
			children = (
				B3FB7AEE2A4163BD007B68AC /* SimpleLoginViewController.swift */,
				B3FB7AF22A4163DF007B68AC /* SimpleLoginViewModel.swift */,
				B3FB7AF02A4163CE007B68AC /* SimpleLoginView.swift */,
			);
			path = SimpleLogin;
			sourceTree = "<group>";
		};
		B3FB7AF42A416CFC007B68AC /* Order */ = {
			isa = PBXGroup;
			children = (
				B3FB7AF52A416D51007B68AC /* OrderViewController.swift */,
				B3FB7AF72A416DEF007B68AC /* OrderView.swift */,
				B3FB7AF92A41875E007B68AC /* OrderTableViewCell.swift */,
				B3C8EABA2A42B70500C31551 /* MenuListViewModel.swift */,
			);
			path = Order;
			sourceTree = "<group>";
		};
/* End PBXGroup section */

/* Begin PBXNativeTarget section */
		B3F142182A27080A00D2FB72 /* RxSwiftExample */ = {
			isa = PBXNativeTarget;
			buildConfigurationList = B3F1422D2A27080C00D2FB72 /* Build configuration list for PBXNativeTarget "RxSwiftExample" */;
			buildPhases = (
				B3F142152A27080A00D2FB72 /* Sources */,
				B3F142162A27080A00D2FB72 /* Frameworks */,
				B3F142172A27080A00D2FB72 /* Resources */,
			);
			buildRules = (
			);
			dependencies = (
			);
			name = RxSwiftExample;
			packageProductDependencies = (
				B3F142312A2709DD00D2FB72 /* SnapKit */,
				B3F142392A270A0D00D2FB72 /* Then */,
				B30FBC912A32B504004A3495 /* RxCocoa */,
				B30FBC932A32B504004A3495 /* RxSwift */,
				B30FBC962A32B525004A3495 /* RxOptional */,
				B30FBCB02A32BDB9004A3495 /* Moya-ModelMapper */,
				B36948152A3FEC2500DB1BAB /* RxDataSources */,
				B33A113E2A4C0EE5002D5258 /* Kingfisher */,
				B38EFBAD2A83723E00812875 /* CombineMoya */,
				B38EFBAF2A83723E00812875 /* Moya */,
				B38EFBB12A83723E00812875 /* ReactiveMoya */,
				B38EFBB32A83723E00812875 /* RxMoya */,
			);
			productName = RxSwiftExample;
			productReference = B3F142192A27080A00D2FB72 /* RxSwiftExample.app */;
			productType = "com.apple.product-type.application";
		};
/* End PBXNativeTarget section */

/* Begin PBXProject section */
		B3F142112A27080A00D2FB72 /* Project object */ = {
			isa = PBXProject;
			attributes = {
				BuildIndependentTargetsInParallel = 1;
				LastSwiftUpdateCheck = 1420;
				LastUpgradeCheck = 1420;
				TargetAttributes = {
					B3F142182A27080A00D2FB72 = {
						CreatedOnToolsVersion = 14.2;
					};
				};
			};
			buildConfigurationList = B3F142142A27080A00D2FB72 /* Build configuration list for PBXProject "RxSwiftExample" */;
			compatibilityVersion = "Xcode 14.0";
			developmentRegion = en;
			hasScannedForEncodings = 0;
			knownRegions = (
				en,
				Base,
			);
			mainGroup = B3F142102A27080A00D2FB72;
			packageReferences = (
				B3F142302A2709DD00D2FB72 /* XCRemoteSwiftPackageReference "SnapKit" */,
				B3F142382A270A0D00D2FB72 /* XCRemoteSwiftPackageReference "Then" */,
				B30FBC902A32B504004A3495 /* XCRemoteSwiftPackageReference "RxSwift" */,
				B30FBC952A32B525004A3495 /* XCRemoteSwiftPackageReference "RxOptional" */,
				B30FBCAF2A32BDB9004A3495 /* XCRemoteSwiftPackageReference "Moya-ModelMapper" */,
				B36948142A3FEC2400DB1BAB /* XCRemoteSwiftPackageReference "RxDataSources" */,
				B33A113D2A4C0EE5002D5258 /* XCRemoteSwiftPackageReference "Kingfisher" */,
				B38EFBAC2A83723E00812875 /* XCRemoteSwiftPackageReference "Moya" */,
			);
			productRefGroup = B3F1421A2A27080A00D2FB72 /* Products */;
			projectDirPath = "";
			projectRoot = "";
			targets = (
				B3F142182A27080A00D2FB72 /* RxSwiftExample */,
			);
		};
/* End PBXProject section */

/* Begin PBXResourcesBuildPhase section */
		B3F142172A27080A00D2FB72 /* Resources */ = {
			isa = PBXResourcesBuildPhase;
			buildActionMask = 2147483647;
			files = (
				B3F142292A27080C00D2FB72 /* LaunchScreen.storyboard in Resources */,
				B3F142262A27080C00D2FB72 /* Assets.xcassets in Resources */,
				B3F142242A27080A00D2FB72 /* Main.storyboard in Resources */,
			);
			runOnlyForDeploymentPostprocessing = 0;
		};
/* End PBXResourcesBuildPhase section */

/* Begin PBXSourcesBuildPhase section */
		B3F142152A27080A00D2FB72 /* Sources */ = {
			isa = PBXSourcesBuildPhase;
			buildActionMask = 2147483647;
			files = (
				B33A11372A4A9DC7002D5258 /* GithubTableViewController.swift in Sources */,
				B33A114F2A4D198A002D5258 /* BlogListCellData.swift in Sources */,
				B3FB7AF32A4163DF007B68AC /* SimpleLoginViewModel.swift in Sources */,
				B38EFBA92A836A5900812875 /* MoyaService.swift in Sources */,
				B3DEC7952A31B82100B6D8B7 /* LoginViewController.swift in Sources */,
				B38CD7FE2A5299390059C8F0 /* TitleTextFieldViewModel.swift in Sources */,
				B3F6E4592A662A2900E0844A /* MemoComposeViewModel.swift in Sources */,
				B3F6E44D2A652D4F00E0844A /* RxMemo.xcdatamodeld in Sources */,
				B3F6E4552A6629F600E0844A /* MemoDetailViewModel.swift in Sources */,
				B3D83C052A285A3700515C45 /* IssueListView.swift in Sources */,
				B3F1423C2A270D6A00D2FB72 /* CitySearcherViewController.swift in Sources */,
				B36948182A3FEC5C00DB1BAB /* MyTableViewController.swift in Sources */,
				B38EFBB62A83749100812875 /* MoyaViewController.swift in Sources */,
				B38EFBA62A835F7D00812875 /* MVVMLoginViewModel.swift in Sources */,
				B3DEC7972A31B86200B6D8B7 /* LoginView.swift in Sources */,
				B3FB7AF12A4163CE007B68AC /* SimpleLoginView.swift in Sources */,
				B38EFB9D2A820DF900812875 /* MVVMTestViewModel.swift in Sources */,
				B38EFBA42A832A0D00812875 /* MVVMLoginViewController.swift in Sources */,
				B3FB7AFA2A41875E007B68AC /* OrderTableViewCell.swift in Sources */,
				B3DEC78B2A315F1A00B6D8B7 /* RepositoryEntity.swift in Sources */,
				B3FB7AEF2A4163BD007B68AC /* SimpleLoginViewController.swift in Sources */,
				B3F142212A27080A00D2FB72 /* ViewController.swift in Sources */,
				B3B35AE72A5BEE3600A2D557 /* DetailWriteFormCell.swift in Sources */,
				B3D83C072A28600F00515C45 /* GithubEndpoint.swift in Sources */,
				B38CD7F92A528C0D0059C8F0 /* UsedGoodsViewModel.swift in Sources */,
				B3F6E4602A662E3400E0844A /* Scene.swift in Sources */,
				B3F6E4642A66587800E0844A /* SceneCoordinator.swift in Sources */,
				B33A114A2A4D1901002D5258 /* BlogListCell.swift in Sources */,
				B3F6E4512A66267300E0844A /* MemoDetailViewController.swift in Sources */,
				B3F6E4532A66298400E0844A /* MemoListViewModel.swift in Sources */,
				B32E44652A5E3DB700BC88D3 /* UsedGoodsModel.swift in Sources */,
				B3F6E45E2A662DFE00E0844A /* TransitionModel.swift in Sources */,
				B3F142412A27200800D2FB72 /* CircleViewController.swift in Sources */,
				B38EFB9A2A820D4500812875 /* MVVMTestViewController.swift in Sources */,
				B33A11412A4C0F34002D5258 /* SearchBlogViewController.swift in Sources */,
				B33A11592A4E92A8002D5258 /* SearchNetworkError.swift in Sources */,
				B3F6E45B2A662A6400E0844A /* ViewModelBindableType.swift in Sources */,
				B33A11392A4A9E1D002D5258 /* GithubTableViewCell.swift in Sources */,
				B3F6E4432A650D1100E0844A /* Memo.swift in Sources */,
				B3F6E44A2A652C4C00E0844A /* MemoryStorage.swift in Sources */,
				B33A11522A4D5A34002D5258 /* AlertActionConvertible.swift in Sources */,
				B3B35AE92A5BEE5200A2D557 /* DetailWriteFormCellViewModel.swift in Sources */,
				B3F142452A272CB100D2FB72 /* CircleViewModel.swift in Sources */,
				B38EFBB82A83786D00812875 /* UserModel.swift in Sources */,
				B3F6E43C2A64D17800E0844A /* BindingCocoaTouchViewController.swift in Sources */,
				B38EFBAB2A836D5F00812875 /* MoyaViewModel.swift in Sources */,
				B3F6E4622A6655A700E0844A /* SceneCoordinatorType.swift in Sources */,
				B38EFBA12A8212B700812875 /* UserTableViewCell.swift in Sources */,
				B3F6E43A2A64D16000E0844A /* BindingRxCocoaViewController.swift in Sources */,
				B3D83C032A28598900515C45 /* IssueListViewController.swift in Sources */,
				B3F6E44F2A661F8F00E0844A /* MemoListViewController.swift in Sources */,
				B33A11432A4C122C002D5258 /* SearchBar.swift in Sources */,
				B33A11572A4D5FC5002D5258 /* SearchBlogNetwork.swift in Sources */,
				B38CD80A2A53FF890059C8F0 /* PriceTextFieldCell.swift in Sources */,
				B33A11542A4D5D39002D5258 /* Blog.swift in Sources */,
				B38EFB9F2A820F1000812875 /* User.swift in Sources */,
				B3DEC7892A315F0000B6D8B7 /* IssueEntity.swift in Sources */,
				B3F6E4662A66674D00E0844A /* CommonViewModel.swift in Sources */,
				B3F1423E2A270D9100D2FB72 /* CitySearcherView.swift in Sources */,
				B3F1421D2A27080A00D2FB72 /* AppDelegate.swift in Sources */,
				B38CD7F72A528B8E0059C8F0 /* UsedGoodsViewController.swift in Sources */,
				B3FB7AF62A416D51007B68AC /* OrderViewController.swift in Sources */,
				B369481A2A3FECA000DB1BAB /* MyTable.swift in Sources */,
				B38CD80C2A53FF9C0059C8F0 /* PriceTextFieldCellViewModel.swift in Sources */,
				B33A11472A4C2018002D5258 /* BlogListView.swift in Sources */,
				B3FB7AF82A416DEF007B68AC /* OrderView.swift in Sources */,
				B3F6E4572A662A1600E0844A /* MemoComposeViewController.swift in Sources */,
				B33A11452A4C1C01002D5258 /* FilterView.swift in Sources */,
				B3F6E4452A650E9800E0844A /* MemoStorageType.swift in Sources */,
				B38CD8072A53F6A40059C8F0 /* CategoryViewModel.swift in Sources */,
				B3F1421F2A27080A00D2FB72 /* SceneDelegate.swift in Sources */,
				B3DEC78D2A316CAE00B6D8B7 /* IssueTrackerModel.swift in Sources */,
				B3C8EABB2A42B70500C31551 /* MenuListViewModel.swift in Sources */,
				B38CD8052A53F6940059C8F0 /* CategoryListViewController.swift in Sources */,
				B38CD7FC2A5299270059C8F0 /* TitleTextFieldCell.swift in Sources */,
				B33A113B2A4AA29F002D5258 /* GitRepository.swift in Sources */,
				B38CD8022A52A22A0059C8F0 /* Category.swift in Sources */,
			);
			runOnlyForDeploymentPostprocessing = 0;
		};
/* End PBXSourcesBuildPhase section */

/* Begin PBXVariantGroup section */
		B3F142222A27080A00D2FB72 /* Main.storyboard */ = {
			isa = PBXVariantGroup;
			children = (
				B3F142232A27080A00D2FB72 /* Base */,
			);
			name = Main.storyboard;
			sourceTree = "<group>";
		};
		B3F142272A27080C00D2FB72 /* LaunchScreen.storyboard */ = {
			isa = PBXVariantGroup;
			children = (
				B3F142282A27080C00D2FB72 /* Base */,
			);
			name = LaunchScreen.storyboard;
			sourceTree = "<group>";
		};
/* End PBXVariantGroup section */

/* Begin XCBuildConfiguration section */
		B3F1422B2A27080C00D2FB72 /* Debug */ = {
			isa = XCBuildConfiguration;
			buildSettings = {
				ALWAYS_SEARCH_USER_PATHS = NO;
				CLANG_ANALYZER_NONNULL = YES;
				CLANG_ANALYZER_NUMBER_OBJECT_CONVERSION = YES_AGGRESSIVE;
				CLANG_CXX_LANGUAGE_STANDARD = "gnu++20";
				CLANG_ENABLE_MODULES = YES;
				CLANG_ENABLE_OBJC_ARC = YES;
				CLANG_ENABLE_OBJC_WEAK = YES;
				CLANG_WARN_BLOCK_CAPTURE_AUTORELEASING = YES;
				CLANG_WARN_BOOL_CONVERSION = YES;
				CLANG_WARN_COMMA = YES;
				CLANG_WARN_CONSTANT_CONVERSION = YES;
				CLANG_WARN_DEPRECATED_OBJC_IMPLEMENTATIONS = YES;
				CLANG_WARN_DIRECT_OBJC_ISA_USAGE = YES_ERROR;
				CLANG_WARN_DOCUMENTATION_COMMENTS = YES;
				CLANG_WARN_EMPTY_BODY = YES;
				CLANG_WARN_ENUM_CONVERSION = YES;
				CLANG_WARN_INFINITE_RECURSION = YES;
				CLANG_WARN_INT_CONVERSION = YES;
				CLANG_WARN_NON_LITERAL_NULL_CONVERSION = YES;
				CLANG_WARN_OBJC_IMPLICIT_RETAIN_SELF = YES;
				CLANG_WARN_OBJC_LITERAL_CONVERSION = YES;
				CLANG_WARN_OBJC_ROOT_CLASS = YES_ERROR;
				CLANG_WARN_QUOTED_INCLUDE_IN_FRAMEWORK_HEADER = YES;
				CLANG_WARN_RANGE_LOOP_ANALYSIS = YES;
				CLANG_WARN_STRICT_PROTOTYPES = YES;
				CLANG_WARN_SUSPICIOUS_MOVE = YES;
				CLANG_WARN_UNGUARDED_AVAILABILITY = YES_AGGRESSIVE;
				CLANG_WARN_UNREACHABLE_CODE = YES;
				CLANG_WARN__DUPLICATE_METHOD_MATCH = YES;
				COPY_PHASE_STRIP = NO;
				DEBUG_INFORMATION_FORMAT = dwarf;
				ENABLE_STRICT_OBJC_MSGSEND = YES;
				ENABLE_TESTABILITY = YES;
				GCC_C_LANGUAGE_STANDARD = gnu11;
				GCC_DYNAMIC_NO_PIC = NO;
				GCC_NO_COMMON_BLOCKS = YES;
				GCC_OPTIMIZATION_LEVEL = 0;
				GCC_PREPROCESSOR_DEFINITIONS = (
					"DEBUG=1",
					"$(inherited)",
				);
				GCC_WARN_64_TO_32_BIT_CONVERSION = YES;
				GCC_WARN_ABOUT_RETURN_TYPE = YES_ERROR;
				GCC_WARN_UNDECLARED_SELECTOR = YES;
				GCC_WARN_UNINITIALIZED_AUTOS = YES_AGGRESSIVE;
				GCC_WARN_UNUSED_FUNCTION = YES;
				GCC_WARN_UNUSED_VARIABLE = YES;
				IPHONEOS_DEPLOYMENT_TARGET = 16.2;
				MTL_ENABLE_DEBUG_INFO = INCLUDE_SOURCE;
				MTL_FAST_MATH = YES;
				ONLY_ACTIVE_ARCH = YES;
				SDKROOT = iphoneos;
				SWIFT_ACTIVE_COMPILATION_CONDITIONS = DEBUG;
				SWIFT_OPTIMIZATION_LEVEL = "-Onone";
			};
			name = Debug;
		};
		B3F1422C2A27080C00D2FB72 /* Release */ = {
			isa = XCBuildConfiguration;
			buildSettings = {
				ALWAYS_SEARCH_USER_PATHS = NO;
				CLANG_ANALYZER_NONNULL = YES;
				CLANG_ANALYZER_NUMBER_OBJECT_CONVERSION = YES_AGGRESSIVE;
				CLANG_CXX_LANGUAGE_STANDARD = "gnu++20";
				CLANG_ENABLE_MODULES = YES;
				CLANG_ENABLE_OBJC_ARC = YES;
				CLANG_ENABLE_OBJC_WEAK = YES;
				CLANG_WARN_BLOCK_CAPTURE_AUTORELEASING = YES;
				CLANG_WARN_BOOL_CONVERSION = YES;
				CLANG_WARN_COMMA = YES;
				CLANG_WARN_CONSTANT_CONVERSION = YES;
				CLANG_WARN_DEPRECATED_OBJC_IMPLEMENTATIONS = YES;
				CLANG_WARN_DIRECT_OBJC_ISA_USAGE = YES_ERROR;
				CLANG_WARN_DOCUMENTATION_COMMENTS = YES;
				CLANG_WARN_EMPTY_BODY = YES;
				CLANG_WARN_ENUM_CONVERSION = YES;
				CLANG_WARN_INFINITE_RECURSION = YES;
				CLANG_WARN_INT_CONVERSION = YES;
				CLANG_WARN_NON_LITERAL_NULL_CONVERSION = YES;
				CLANG_WARN_OBJC_IMPLICIT_RETAIN_SELF = YES;
				CLANG_WARN_OBJC_LITERAL_CONVERSION = YES;
				CLANG_WARN_OBJC_ROOT_CLASS = YES_ERROR;
				CLANG_WARN_QUOTED_INCLUDE_IN_FRAMEWORK_HEADER = YES;
				CLANG_WARN_RANGE_LOOP_ANALYSIS = YES;
				CLANG_WARN_STRICT_PROTOTYPES = YES;
				CLANG_WARN_SUSPICIOUS_MOVE = YES;
				CLANG_WARN_UNGUARDED_AVAILABILITY = YES_AGGRESSIVE;
				CLANG_WARN_UNREACHABLE_CODE = YES;
				CLANG_WARN__DUPLICATE_METHOD_MATCH = YES;
				COPY_PHASE_STRIP = NO;
				DEBUG_INFORMATION_FORMAT = "dwarf-with-dsym";
				ENABLE_NS_ASSERTIONS = NO;
				ENABLE_STRICT_OBJC_MSGSEND = YES;
				GCC_C_LANGUAGE_STANDARD = gnu11;
				GCC_NO_COMMON_BLOCKS = YES;
				GCC_WARN_64_TO_32_BIT_CONVERSION = YES;
				GCC_WARN_ABOUT_RETURN_TYPE = YES_ERROR;
				GCC_WARN_UNDECLARED_SELECTOR = YES;
				GCC_WARN_UNINITIALIZED_AUTOS = YES_AGGRESSIVE;
				GCC_WARN_UNUSED_FUNCTION = YES;
				GCC_WARN_UNUSED_VARIABLE = YES;
				IPHONEOS_DEPLOYMENT_TARGET = 16.2;
				MTL_ENABLE_DEBUG_INFO = NO;
				MTL_FAST_MATH = YES;
				SDKROOT = iphoneos;
				SWIFT_COMPILATION_MODE = wholemodule;
				SWIFT_OPTIMIZATION_LEVEL = "-O";
				VALIDATE_PRODUCT = YES;
			};
			name = Release;
		};
		B3F1422E2A27080C00D2FB72 /* Debug */ = {
			isa = XCBuildConfiguration;
			buildSettings = {
				ASSETCATALOG_COMPILER_APPICON_NAME = AppIcon;
				ASSETCATALOG_COMPILER_GLOBAL_ACCENT_COLOR_NAME = AccentColor;
				CODE_SIGN_STYLE = Automatic;
				CURRENT_PROJECT_VERSION = 1;
				DEVELOPMENT_TEAM = 2DBARTRT37;
				GENERATE_INFOPLIST_FILE = YES;
				INFOPLIST_FILE = RxSwiftExample/Info.plist;
				INFOPLIST_KEY_UIApplicationSupportsIndirectInputEvents = YES;
				INFOPLIST_KEY_UILaunchStoryboardName = LaunchScreen;
				INFOPLIST_KEY_UIMainStoryboardFile = Main;
				INFOPLIST_KEY_UISupportedInterfaceOrientations_iPad = "UIInterfaceOrientationPortrait UIInterfaceOrientationPortraitUpsideDown UIInterfaceOrientationLandscapeLeft UIInterfaceOrientationLandscapeRight";
				INFOPLIST_KEY_UISupportedInterfaceOrientations_iPhone = "UIInterfaceOrientationPortrait UIInterfaceOrientationLandscapeLeft UIInterfaceOrientationLandscapeRight";
				IPHONEOS_DEPLOYMENT_TARGET = 16.2;
				LD_RUNPATH_SEARCH_PATHS = (
					"$(inherited)",
					"@executable_path/Frameworks",
				);
				MARKETING_VERSION = 1.0;
				PRODUCT_BUNDLE_IDENTIFIER = com.wony.RxSwiftExample;
				PRODUCT_NAME = "$(TARGET_NAME)";
				SWIFT_EMIT_LOC_STRINGS = YES;
				SWIFT_VERSION = 5.0;
				TARGETED_DEVICE_FAMILY = "1,2";
			};
			name = Debug;
		};
		B3F1422F2A27080C00D2FB72 /* Release */ = {
			isa = XCBuildConfiguration;
			buildSettings = {
				ASSETCATALOG_COMPILER_APPICON_NAME = AppIcon;
				ASSETCATALOG_COMPILER_GLOBAL_ACCENT_COLOR_NAME = AccentColor;
				CODE_SIGN_STYLE = Automatic;
				CURRENT_PROJECT_VERSION = 1;
				DEVELOPMENT_TEAM = 2DBARTRT37;
				GENERATE_INFOPLIST_FILE = YES;
				INFOPLIST_FILE = RxSwiftExample/Info.plist;
				INFOPLIST_KEY_UIApplicationSupportsIndirectInputEvents = YES;
				INFOPLIST_KEY_UILaunchStoryboardName = LaunchScreen;
				INFOPLIST_KEY_UIMainStoryboardFile = Main;
				INFOPLIST_KEY_UISupportedInterfaceOrientations_iPad = "UIInterfaceOrientationPortrait UIInterfaceOrientationPortraitUpsideDown UIInterfaceOrientationLandscapeLeft UIInterfaceOrientationLandscapeRight";
				INFOPLIST_KEY_UISupportedInterfaceOrientations_iPhone = "UIInterfaceOrientationPortrait UIInterfaceOrientationLandscapeLeft UIInterfaceOrientationLandscapeRight";
				IPHONEOS_DEPLOYMENT_TARGET = 16.2;
				LD_RUNPATH_SEARCH_PATHS = (
					"$(inherited)",
					"@executable_path/Frameworks",
				);
				MARKETING_VERSION = 1.0;
				PRODUCT_BUNDLE_IDENTIFIER = com.wony.RxSwiftExample;
				PRODUCT_NAME = "$(TARGET_NAME)";
				SWIFT_EMIT_LOC_STRINGS = YES;
				SWIFT_VERSION = 5.0;
				TARGETED_DEVICE_FAMILY = "1,2";
			};
			name = Release;
		};
/* End XCBuildConfiguration section */

/* Begin XCConfigurationList section */
		B3F142142A27080A00D2FB72 /* Build configuration list for PBXProject "RxSwiftExample" */ = {
			isa = XCConfigurationList;
			buildConfigurations = (
				B3F1422B2A27080C00D2FB72 /* Debug */,
				B3F1422C2A27080C00D2FB72 /* Release */,
			);
			defaultConfigurationIsVisible = 0;
			defaultConfigurationName = Release;
		};
		B3F1422D2A27080C00D2FB72 /* Build configuration list for PBXNativeTarget "RxSwiftExample" */ = {
			isa = XCConfigurationList;
			buildConfigurations = (
				B3F1422E2A27080C00D2FB72 /* Debug */,
				B3F1422F2A27080C00D2FB72 /* Release */,
			);
			defaultConfigurationIsVisible = 0;
			defaultConfigurationName = Release;
		};
/* End XCConfigurationList section */

/* Begin XCRemoteSwiftPackageReference section */
		B30FBC902A32B504004A3495 /* XCRemoteSwiftPackageReference "RxSwift" */ = {
			isa = XCRemoteSwiftPackageReference;
			repositoryURL = "https://github.com/ReactiveX/RxSwift.git";
			requirement = {
				kind = upToNextMajorVersion;
				minimumVersion = 6.0.0;
			};
		};
		B30FBC952A32B525004A3495 /* XCRemoteSwiftPackageReference "RxOptional" */ = {
			isa = XCRemoteSwiftPackageReference;
			repositoryURL = "https://github.com/RxSwiftCommunity/RxOptional";
			requirement = {
				branch = main;
				kind = branch;
			};
		};
		B30FBCAF2A32BDB9004A3495 /* XCRemoteSwiftPackageReference "Moya-ModelMapper" */ = {
			isa = XCRemoteSwiftPackageReference;
			repositoryURL = "https://github.com/sunshinejr/Moya-ModelMapper.git";
			requirement = {
				branch = master;
				kind = branch;
			};
		};
		B33A113D2A4C0EE5002D5258 /* XCRemoteSwiftPackageReference "Kingfisher" */ = {
			isa = XCRemoteSwiftPackageReference;
			repositoryURL = "https://github.com/onevcat/Kingfisher.git";
			requirement = {
				kind = upToNextMajorVersion;
				minimumVersion = 7.0.0;
			};
		};
		B36948142A3FEC2400DB1BAB /* XCRemoteSwiftPackageReference "RxDataSources" */ = {
			isa = XCRemoteSwiftPackageReference;
			repositoryURL = "https://github.com/RxSwiftCommunity/RxDataSources.git";
			requirement = {
				kind = upToNextMajorVersion;
				minimumVersion = 5.0.0;
			};
		};
		B38EFBAC2A83723E00812875 /* XCRemoteSwiftPackageReference "Moya" */ = {
			isa = XCRemoteSwiftPackageReference;
			repositoryURL = "https://github.com/Moya/Moya.git";
			requirement = {
				branch = master;
				kind = branch;
			};
		};
		B3F142302A2709DD00D2FB72 /* XCRemoteSwiftPackageReference "SnapKit" */ = {
			isa = XCRemoteSwiftPackageReference;
			repositoryURL = "https://github.com/SnapKit/SnapKit.git";
			requirement = {
				kind = upToNextMajorVersion;
				minimumVersion = 5.0.0;
			};
		};
		B3F142382A270A0D00D2FB72 /* XCRemoteSwiftPackageReference "Then" */ = {
			isa = XCRemoteSwiftPackageReference;
			repositoryURL = "https://github.com/devxoul/Then";
			requirement = {
				kind = upToNextMajorVersion;
				minimumVersion = 3.0.0;
			};
		};
/* End XCRemoteSwiftPackageReference section */

/* Begin XCSwiftPackageProductDependency section */
		B30FBC912A32B504004A3495 /* RxCocoa */ = {
			isa = XCSwiftPackageProductDependency;
			package = B30FBC902A32B504004A3495 /* XCRemoteSwiftPackageReference "RxSwift" */;
			productName = RxCocoa;
		};
		B30FBC932A32B504004A3495 /* RxSwift */ = {
			isa = XCSwiftPackageProductDependency;
			package = B30FBC902A32B504004A3495 /* XCRemoteSwiftPackageReference "RxSwift" */;
			productName = RxSwift;
		};
		B30FBC962A32B525004A3495 /* RxOptional */ = {
			isa = XCSwiftPackageProductDependency;
			package = B30FBC952A32B525004A3495 /* XCRemoteSwiftPackageReference "RxOptional" */;
			productName = RxOptional;
		};
		B30FBCB02A32BDB9004A3495 /* Moya-ModelMapper */ = {
			isa = XCSwiftPackageProductDependency;
			package = B30FBCAF2A32BDB9004A3495 /* XCRemoteSwiftPackageReference "Moya-ModelMapper" */;
			productName = "Moya-ModelMapper";
		};
		B33A113E2A4C0EE5002D5258 /* Kingfisher */ = {
			isa = XCSwiftPackageProductDependency;
			package = B33A113D2A4C0EE5002D5258 /* XCRemoteSwiftPackageReference "Kingfisher" */;
			productName = Kingfisher;
		};
		B36948152A3FEC2500DB1BAB /* RxDataSources */ = {
			isa = XCSwiftPackageProductDependency;
			package = B36948142A3FEC2400DB1BAB /* XCRemoteSwiftPackageReference "RxDataSources" */;
			productName = RxDataSources;
		};
		B38EFBAD2A83723E00812875 /* CombineMoya */ = {
			isa = XCSwiftPackageProductDependency;
			package = B38EFBAC2A83723E00812875 /* XCRemoteSwiftPackageReference "Moya" */;
			productName = CombineMoya;
		};
		B38EFBAF2A83723E00812875 /* Moya */ = {
			isa = XCSwiftPackageProductDependency;
			package = B38EFBAC2A83723E00812875 /* XCRemoteSwiftPackageReference "Moya" */;
			productName = Moya;
		};
		B38EFBB12A83723E00812875 /* ReactiveMoya */ = {
			isa = XCSwiftPackageProductDependency;
			package = B38EFBAC2A83723E00812875 /* XCRemoteSwiftPackageReference "Moya" */;
			productName = ReactiveMoya;
		};
		B38EFBB32A83723E00812875 /* RxMoya */ = {
			isa = XCSwiftPackageProductDependency;
			package = B38EFBAC2A83723E00812875 /* XCRemoteSwiftPackageReference "Moya" */;
			productName = RxMoya;
		};
		B3F142312A2709DD00D2FB72 /* SnapKit */ = {
			isa = XCSwiftPackageProductDependency;
			package = B3F142302A2709DD00D2FB72 /* XCRemoteSwiftPackageReference "SnapKit" */;
			productName = SnapKit;
		};
		B3F142392A270A0D00D2FB72 /* Then */ = {
			isa = XCSwiftPackageProductDependency;
			package = B3F142382A270A0D00D2FB72 /* XCRemoteSwiftPackageReference "Then" */;
			productName = Then;
		};
/* End XCSwiftPackageProductDependency section */

/* Begin XCVersionGroup section */
		B3F6E44B2A652D4F00E0844A /* RxMemo.xcdatamodeld */ = {
			isa = XCVersionGroup;
			children = (
				B3F6E44C2A652D4F00E0844A /* RxMemo.xcdatamodel */,
			);
			currentVersion = B3F6E44C2A652D4F00E0844A /* RxMemo.xcdatamodel */;
			path = RxMemo.xcdatamodeld;
			sourceTree = "<group>";
			versionGroupType = wrapper.xcdatamodel;
		};
/* End XCVersionGroup section */
	};
	rootObject = B3F142112A27080A00D2FB72 /* Project object */;
}
