// !$*UTF8*$!
{
	archiveVersion = 1;
	classes = {
	};
	objectVersion = 56;
	objects = {

/* Begin PBXBuildFile section */
		B30FBC922A32B504004A3495 /* RxCocoa in Frameworks */ = {isa = PBXBuildFile; productRef = B30FBC912A32B504004A3495 /* RxCocoa */; };
		B30FBC942A32B504004A3495 /* RxSwift in Frameworks */ = {isa = PBXBuildFile; productRef = B30FBC932A32B504004A3495 /* RxSwift */; };
		B30FBC972A32B525004A3495 /* RxOptional in Frameworks */ = {isa = PBXBuildFile; productRef = B30FBC962A32B525004A3495 /* RxOptional */; };
		B30FBCAE2A32BDAD004A3495 /* Moya in Frameworks */ = {isa = PBXBuildFile; productRef = B30FBCAD2A32BDAD004A3495 /* Moya */; };
		B30FBCB12A32BDB9004A3495 /* Moya-ModelMapper in Frameworks */ = {isa = PBXBuildFile; productRef = B30FBCB02A32BDB9004A3495 /* Moya-ModelMapper */; };
		B33A11372A4A9DC7002D5258 /* GithubTableViewController.swift in Sources */ = {isa = PBXBuildFile; fileRef = B33A11362A4A9DC7002D5258 /* GithubTableViewController.swift */; };
		B33A11392A4A9E1D002D5258 /* GithubTableViewCell.swift in Sources */ = {isa = PBXBuildFile; fileRef = B33A11382A4A9E1D002D5258 /* GithubTableViewCell.swift */; };
		B33A113B2A4AA29F002D5258 /* GitRepository.swift in Sources */ = {isa = PBXBuildFile; fileRef = B33A113A2A4AA29F002D5258 /* GitRepository.swift */; };
		B33A113F2A4C0EE5002D5258 /* Kingfisher in Frameworks */ = {isa = PBXBuildFile; productRef = B33A113E2A4C0EE5002D5258 /* Kingfisher */; };
		B33A11412A4C0F34002D5258 /* SearchBlogViewController.swift in Sources */ = {isa = PBXBuildFile; fileRef = B33A11402A4C0F34002D5258 /* SearchBlogViewController.swift */; };
		B33A11432A4C122C002D5258 /* SearchBar.swift in Sources */ = {isa = PBXBuildFile; fileRef = B33A11422A4C122C002D5258 /* SearchBar.swift */; };
		B33A11452A4C1C01002D5258 /* FilterView.swift in Sources */ = {isa = PBXBuildFile; fileRef = B33A11442A4C1C01002D5258 /* FilterView.swift */; };
		B36948162A3FEC2500DB1BAB /* RxDataSources in Frameworks */ = {isa = PBXBuildFile; productRef = B36948152A3FEC2500DB1BAB /* RxDataSources */; };
		B36948182A3FEC5C00DB1BAB /* MyTableViewController.swift in Sources */ = {isa = PBXBuildFile; fileRef = B36948172A3FEC5C00DB1BAB /* MyTableViewController.swift */; };
		B369481A2A3FECA000DB1BAB /* MyTable.swift in Sources */ = {isa = PBXBuildFile; fileRef = B36948192A3FECA000DB1BAB /* MyTable.swift */; };
		B3C8EABB2A42B70500C31551 /* MenuListViewModel.swift in Sources */ = {isa = PBXBuildFile; fileRef = B3C8EABA2A42B70500C31551 /* MenuListViewModel.swift */; };
		B3D83C032A28598900515C45 /* IssueListViewController.swift in Sources */ = {isa = PBXBuildFile; fileRef = B3D83C022A28598900515C45 /* IssueListViewController.swift */; };
		B3D83C052A285A3700515C45 /* IssueListView.swift in Sources */ = {isa = PBXBuildFile; fileRef = B3D83C042A285A3600515C45 /* IssueListView.swift */; };
		B3D83C072A28600F00515C45 /* GithubEndpoint.swift in Sources */ = {isa = PBXBuildFile; fileRef = B3D83C062A28600F00515C45 /* GithubEndpoint.swift */; };
		B3DEC7892A315F0000B6D8B7 /* IssueEntity.swift in Sources */ = {isa = PBXBuildFile; fileRef = B3DEC7882A315F0000B6D8B7 /* IssueEntity.swift */; };
		B3DEC78B2A315F1A00B6D8B7 /* RepositoryEntity.swift in Sources */ = {isa = PBXBuildFile; fileRef = B3DEC78A2A315F1A00B6D8B7 /* RepositoryEntity.swift */; };
		B3DEC78D2A316CAE00B6D8B7 /* IssueTrackerModel.swift in Sources */ = {isa = PBXBuildFile; fileRef = B3DEC78C2A316CAE00B6D8B7 /* IssueTrackerModel.swift */; };
		B3DEC7952A31B82100B6D8B7 /* LoginViewController.swift in Sources */ = {isa = PBXBuildFile; fileRef = B3DEC7942A31B82100B6D8B7 /* LoginViewController.swift */; };
		B3DEC7972A31B86200B6D8B7 /* LoginView.swift in Sources */ = {isa = PBXBuildFile; fileRef = B3DEC7962A31B86200B6D8B7 /* LoginView.swift */; };
		B3F1421D2A27080A00D2FB72 /* AppDelegate.swift in Sources */ = {isa = PBXBuildFile; fileRef = B3F1421C2A27080A00D2FB72 /* AppDelegate.swift */; };
		B3F1421F2A27080A00D2FB72 /* SceneDelegate.swift in Sources */ = {isa = PBXBuildFile; fileRef = B3F1421E2A27080A00D2FB72 /* SceneDelegate.swift */; };
		B3F142212A27080A00D2FB72 /* ViewController.swift in Sources */ = {isa = PBXBuildFile; fileRef = B3F142202A27080A00D2FB72 /* ViewController.swift */; };
		B3F142242A27080A00D2FB72 /* Main.storyboard in Resources */ = {isa = PBXBuildFile; fileRef = B3F142222A27080A00D2FB72 /* Main.storyboard */; };
		B3F142262A27080C00D2FB72 /* Assets.xcassets in Resources */ = {isa = PBXBuildFile; fileRef = B3F142252A27080C00D2FB72 /* Assets.xcassets */; };
		B3F142292A27080C00D2FB72 /* LaunchScreen.storyboard in Resources */ = {isa = PBXBuildFile; fileRef = B3F142272A27080C00D2FB72 /* LaunchScreen.storyboard */; };
		B3F142322A2709DD00D2FB72 /* SnapKit in Frameworks */ = {isa = PBXBuildFile; productRef = B3F142312A2709DD00D2FB72 /* SnapKit */; };
		B3F1423A2A270A0D00D2FB72 /* Then in Frameworks */ = {isa = PBXBuildFile; productRef = B3F142392A270A0D00D2FB72 /* Then */; };
		B3F1423C2A270D6A00D2FB72 /* CitySearcherViewController.swift in Sources */ = {isa = PBXBuildFile; fileRef = B3F1423B2A270D6A00D2FB72 /* CitySearcherViewController.swift */; };
		B3F1423E2A270D9100D2FB72 /* CitySearcherView.swift in Sources */ = {isa = PBXBuildFile; fileRef = B3F1423D2A270D9100D2FB72 /* CitySearcherView.swift */; };
		B3F142412A27200800D2FB72 /* CircleViewController.swift in Sources */ = {isa = PBXBuildFile; fileRef = B3F142402A27200800D2FB72 /* CircleViewController.swift */; };
		B3F142452A272CB100D2FB72 /* CircleViewModel.swift in Sources */ = {isa = PBXBuildFile; fileRef = B3F142442A272CB100D2FB72 /* CircleViewModel.swift */; };
		B3FB7AEF2A4163BD007B68AC /* SimpleLoginViewController.swift in Sources */ = {isa = PBXBuildFile; fileRef = B3FB7AEE2A4163BD007B68AC /* SimpleLoginViewController.swift */; };
		B3FB7AF12A4163CE007B68AC /* SimpleLoginView.swift in Sources */ = {isa = PBXBuildFile; fileRef = B3FB7AF02A4163CE007B68AC /* SimpleLoginView.swift */; };
		B3FB7AF32A4163DF007B68AC /* SimpleLoginViewModel.swift in Sources */ = {isa = PBXBuildFile; fileRef = B3FB7AF22A4163DF007B68AC /* SimpleLoginViewModel.swift */; };
		B3FB7AF62A416D51007B68AC /* OrderViewController.swift in Sources */ = {isa = PBXBuildFile; fileRef = B3FB7AF52A416D51007B68AC /* OrderViewController.swift */; };
		B3FB7AF82A416DEF007B68AC /* OrderView.swift in Sources */ = {isa = PBXBuildFile; fileRef = B3FB7AF72A416DEF007B68AC /* OrderView.swift */; };
		B3FB7AFA2A41875E007B68AC /* OrderTableViewCell.swift in Sources */ = {isa = PBXBuildFile; fileRef = B3FB7AF92A41875E007B68AC /* OrderTableViewCell.swift */; };
/* End PBXBuildFile section */

/* Begin PBXFileReference section */
		B33A11362A4A9DC7002D5258 /* GithubTableViewController.swift */ = {isa = PBXFileReference; lastKnownFileType = sourcecode.swift; path = GithubTableViewController.swift; sourceTree = "<group>"; };
		B33A11382A4A9E1D002D5258 /* GithubTableViewCell.swift */ = {isa = PBXFileReference; lastKnownFileType = sourcecode.swift; path = GithubTableViewCell.swift; sourceTree = "<group>"; };
		B33A113A2A4AA29F002D5258 /* GitRepository.swift */ = {isa = PBXFileReference; lastKnownFileType = sourcecode.swift; path = GitRepository.swift; sourceTree = "<group>"; };
		B33A11402A4C0F34002D5258 /* SearchBlogViewController.swift */ = {isa = PBXFileReference; lastKnownFileType = sourcecode.swift; path = SearchBlogViewController.swift; sourceTree = "<group>"; };
		B33A11422A4C122C002D5258 /* SearchBar.swift */ = {isa = PBXFileReference; lastKnownFileType = sourcecode.swift; path = SearchBar.swift; sourceTree = "<group>"; };
		B33A11442A4C1C01002D5258 /* FilterView.swift */ = {isa = PBXFileReference; lastKnownFileType = sourcecode.swift; path = FilterView.swift; sourceTree = "<group>"; };
		B36948172A3FEC5C00DB1BAB /* MyTableViewController.swift */ = {isa = PBXFileReference; lastKnownFileType = sourcecode.swift; path = MyTableViewController.swift; sourceTree = "<group>"; };
		B36948192A3FECA000DB1BAB /* MyTable.swift */ = {isa = PBXFileReference; lastKnownFileType = sourcecode.swift; path = MyTable.swift; sourceTree = "<group>"; };
		B3C8EABA2A42B70500C31551 /* MenuListViewModel.swift */ = {isa = PBXFileReference; lastKnownFileType = sourcecode.swift; path = MenuListViewModel.swift; sourceTree = "<group>"; };
		B3D83C022A28598900515C45 /* IssueListViewController.swift */ = {isa = PBXFileReference; lastKnownFileType = sourcecode.swift; path = IssueListViewController.swift; sourceTree = "<group>"; };
		B3D83C042A285A3600515C45 /* IssueListView.swift */ = {isa = PBXFileReference; lastKnownFileType = sourcecode.swift; path = IssueListView.swift; sourceTree = "<group>"; };
		B3D83C062A28600F00515C45 /* GithubEndpoint.swift */ = {isa = PBXFileReference; lastKnownFileType = sourcecode.swift; path = GithubEndpoint.swift; sourceTree = "<group>"; };
		B3DEC7882A315F0000B6D8B7 /* IssueEntity.swift */ = {isa = PBXFileReference; lastKnownFileType = sourcecode.swift; path = IssueEntity.swift; sourceTree = "<group>"; };
		B3DEC78A2A315F1A00B6D8B7 /* RepositoryEntity.swift */ = {isa = PBXFileReference; lastKnownFileType = sourcecode.swift; path = RepositoryEntity.swift; sourceTree = "<group>"; };
		B3DEC78C2A316CAE00B6D8B7 /* IssueTrackerModel.swift */ = {isa = PBXFileReference; lastKnownFileType = sourcecode.swift; path = IssueTrackerModel.swift; sourceTree = "<group>"; };
		B3DEC7942A31B82100B6D8B7 /* LoginViewController.swift */ = {isa = PBXFileReference; lastKnownFileType = sourcecode.swift; path = LoginViewController.swift; sourceTree = "<group>"; };
		B3DEC7962A31B86200B6D8B7 /* LoginView.swift */ = {isa = PBXFileReference; lastKnownFileType = sourcecode.swift; path = LoginView.swift; sourceTree = "<group>"; };
		B3F142192A27080A00D2FB72 /* RxSwiftExample.app */ = {isa = PBXFileReference; explicitFileType = wrapper.application; includeInIndex = 0; path = RxSwiftExample.app; sourceTree = BUILT_PRODUCTS_DIR; };
		B3F1421C2A27080A00D2FB72 /* AppDelegate.swift */ = {isa = PBXFileReference; lastKnownFileType = sourcecode.swift; path = AppDelegate.swift; sourceTree = "<group>"; };
		B3F1421E2A27080A00D2FB72 /* SceneDelegate.swift */ = {isa = PBXFileReference; lastKnownFileType = sourcecode.swift; path = SceneDelegate.swift; sourceTree = "<group>"; };
		B3F142202A27080A00D2FB72 /* ViewController.swift */ = {isa = PBXFileReference; lastKnownFileType = sourcecode.swift; path = ViewController.swift; sourceTree = "<group>"; };
		B3F142232A27080A00D2FB72 /* Base */ = {isa = PBXFileReference; lastKnownFileType = file.storyboard; name = Base; path = Base.lproj/Main.storyboard; sourceTree = "<group>"; };
		B3F142252A27080C00D2FB72 /* Assets.xcassets */ = {isa = PBXFileReference; lastKnownFileType = folder.assetcatalog; path = Assets.xcassets; sourceTree = "<group>"; };
		B3F142282A27080C00D2FB72 /* Base */ = {isa = PBXFileReference; lastKnownFileType = file.storyboard; name = Base; path = Base.lproj/LaunchScreen.storyboard; sourceTree = "<group>"; };
		B3F1422A2A27080C00D2FB72 /* Info.plist */ = {isa = PBXFileReference; lastKnownFileType = text.plist.xml; path = Info.plist; sourceTree = "<group>"; };
		B3F1423B2A270D6A00D2FB72 /* CitySearcherViewController.swift */ = {isa = PBXFileReference; lastKnownFileType = sourcecode.swift; path = CitySearcherViewController.swift; sourceTree = "<group>"; };
		B3F1423D2A270D9100D2FB72 /* CitySearcherView.swift */ = {isa = PBXFileReference; lastKnownFileType = sourcecode.swift; path = CitySearcherView.swift; sourceTree = "<group>"; };
		B3F142402A27200800D2FB72 /* CircleViewController.swift */ = {isa = PBXFileReference; lastKnownFileType = sourcecode.swift; path = CircleViewController.swift; sourceTree = "<group>"; };
		B3F142442A272CB100D2FB72 /* CircleViewModel.swift */ = {isa = PBXFileReference; lastKnownFileType = sourcecode.swift; path = CircleViewModel.swift; sourceTree = "<group>"; };
		B3FB7AEE2A4163BD007B68AC /* SimpleLoginViewController.swift */ = {isa = PBXFileReference; lastKnownFileType = sourcecode.swift; path = SimpleLoginViewController.swift; sourceTree = "<group>"; };
		B3FB7AF02A4163CE007B68AC /* SimpleLoginView.swift */ = {isa = PBXFileReference; lastKnownFileType = sourcecode.swift; path = SimpleLoginView.swift; sourceTree = "<group>"; };
		B3FB7AF22A4163DF007B68AC /* SimpleLoginViewModel.swift */ = {isa = PBXFileReference; lastKnownFileType = sourcecode.swift; path = SimpleLoginViewModel.swift; sourceTree = "<group>"; };
		B3FB7AF52A416D51007B68AC /* OrderViewController.swift */ = {isa = PBXFileReference; lastKnownFileType = sourcecode.swift; path = OrderViewController.swift; sourceTree = "<group>"; };
		B3FB7AF72A416DEF007B68AC /* OrderView.swift */ = {isa = PBXFileReference; lastKnownFileType = sourcecode.swift; path = OrderView.swift; sourceTree = "<group>"; };
		B3FB7AF92A41875E007B68AC /* OrderTableViewCell.swift */ = {isa = PBXFileReference; lastKnownFileType = sourcecode.swift; path = OrderTableViewCell.swift; sourceTree = "<group>"; };
/* End PBXFileReference section */

/* Begin PBXFrameworksBuildPhase section */
		B3F142162A27080A00D2FB72 /* Frameworks */ = {
			isa = PBXFrameworksBuildPhase;
			buildActionMask = 2147483647;
			files = (
				B3F142322A2709DD00D2FB72 /* SnapKit in Frameworks */,
				B30FBCB12A32BDB9004A3495 /* Moya-ModelMapper in Frameworks */,
				B30FBC972A32B525004A3495 /* RxOptional in Frameworks */,
				B33A113F2A4C0EE5002D5258 /* Kingfisher in Frameworks */,
				B30FBCAE2A32BDAD004A3495 /* Moya in Frameworks */,
				B30FBC942A32B504004A3495 /* RxSwift in Frameworks */,
				B36948162A3FEC2500DB1BAB /* RxDataSources in Frameworks */,
				B30FBC922A32B504004A3495 /* RxCocoa in Frameworks */,
				B3F1423A2A270A0D00D2FB72 /* Then in Frameworks */,
			);
			runOnlyForDeploymentPostprocessing = 0;
		};
/* End PBXFrameworksBuildPhase section */

/* Begin PBXGroup section */
		B33A11352A49644E002D5258 /* Github */ = {
			isa = PBXGroup;
			children = (
				B33A11362A4A9DC7002D5258 /* GithubTableViewController.swift */,
				B33A11382A4A9E1D002D5258 /* GithubTableViewCell.swift */,
				B33A113A2A4AA29F002D5258 /* GitRepository.swift */,
			);
			path = Github;
			sourceTree = "<group>";
		};
		B33A113C2A4ACD4A002D5258 /* SearchBlog */ = {
			isa = PBXGroup;
			children = (
				B33A11402A4C0F34002D5258 /* SearchBlogViewController.swift */,
				B33A11422A4C122C002D5258 /* SearchBar.swift */,
				B33A11442A4C1C01002D5258 /* FilterView.swift */,
			);
			path = SearchBlog;
			sourceTree = "<group>";
		};
		B36948132A3FEA8900DB1BAB /* MyTable */ = {
			isa = PBXGroup;
			children = (
				B36948172A3FEC5C00DB1BAB /* MyTableViewController.swift */,
				B36948192A3FECA000DB1BAB /* MyTable.swift */,
			);
			path = MyTable;
			sourceTree = "<group>";
		};
		B3D83BFE2A28590100515C45 /* IssueList */ = {
			isa = PBXGroup;
			children = (
				B3D83C022A28598900515C45 /* IssueListViewController.swift */,
				B3D83C042A285A3600515C45 /* IssueListView.swift */,
				B3D83C062A28600F00515C45 /* GithubEndpoint.swift */,
				B3DEC7882A315F0000B6D8B7 /* IssueEntity.swift */,
				B3DEC78A2A315F1A00B6D8B7 /* RepositoryEntity.swift */,
				B3DEC78C2A316CAE00B6D8B7 /* IssueTrackerModel.swift */,
			);
			path = IssueList;
			sourceTree = "<group>";
		};
		B3D83C002A28593100515C45 /* CitySearcher */ = {
			isa = PBXGroup;
			children = (
				B3F1423B2A270D6A00D2FB72 /* CitySearcherViewController.swift */,
				B3F1423D2A270D9100D2FB72 /* CitySearcherView.swift */,
			);
			path = CitySearcher;
			sourceTree = "<group>";
		};
		B3D83C012A28594100515C45 /* Circle */ = {
			isa = PBXGroup;
			children = (
				B3F142402A27200800D2FB72 /* CircleViewController.swift */,
				B3F142442A272CB100D2FB72 /* CircleViewModel.swift */,
			);
			path = Circle;
			sourceTree = "<group>";
		};
		B3DEC7932A31B7E500B6D8B7 /* Login */ = {
			isa = PBXGroup;
			children = (
				B3DEC7942A31B82100B6D8B7 /* LoginViewController.swift */,
				B3DEC7962A31B86200B6D8B7 /* LoginView.swift */,
			);
			path = Login;
			sourceTree = "<group>";
		};
		B3F142102A27080A00D2FB72 = {
			isa = PBXGroup;
			children = (
				B3F1421B2A27080A00D2FB72 /* RxSwiftExample */,
				B3F1421A2A27080A00D2FB72 /* Products */,
			);
			sourceTree = "<group>";
		};
		B3F1421A2A27080A00D2FB72 /* Products */ = {
			isa = PBXGroup;
			children = (
				B3F142192A27080A00D2FB72 /* RxSwiftExample.app */,
			);
			name = Products;
			sourceTree = "<group>";
		};
		B3F1421B2A27080A00D2FB72 /* RxSwiftExample */ = {
			isa = PBXGroup;
			children = (
				B3F1421C2A27080A00D2FB72 /* AppDelegate.swift */,
				B3F1421E2A27080A00D2FB72 /* SceneDelegate.swift */,
				B3F142202A27080A00D2FB72 /* ViewController.swift */,
				B3F142222A27080A00D2FB72 /* Main.storyboard */,
				B3F142252A27080C00D2FB72 /* Assets.xcassets */,
				B3F142272A27080C00D2FB72 /* LaunchScreen.storyboard */,
				B3F1422A2A27080C00D2FB72 /* Info.plist */,
				B3D83C002A28593100515C45 /* CitySearcher */,
				B3D83C012A28594100515C45 /* Circle */,
				B3D83BFE2A28590100515C45 /* IssueList */,
				B3DEC7932A31B7E500B6D8B7 /* Login */,
				B36948132A3FEA8900DB1BAB /* MyTable */,
				B3FB7AED2A41637F007B68AC /* SimpleLogin */,
				B3FB7AF42A416CFC007B68AC /* Order */,
				B33A11352A49644E002D5258 /* Github */,
				B33A113C2A4ACD4A002D5258 /* SearchBlog */,
			);
			path = RxSwiftExample;
			sourceTree = "<group>";
		};
		B3FB7AED2A41637F007B68AC /* SimpleLogin */ = {
			isa = PBXGroup;
			children = (
				B3FB7AEE2A4163BD007B68AC /* SimpleLoginViewController.swift */,
				B3FB7AF22A4163DF007B68AC /* SimpleLoginViewModel.swift */,
				B3FB7AF02A4163CE007B68AC /* SimpleLoginView.swift */,
			);
			path = SimpleLogin;
			sourceTree = "<group>";
		};
		B3FB7AF42A416CFC007B68AC /* Order */ = {
			isa = PBXGroup;
			children = (
				B3FB7AF52A416D51007B68AC /* OrderViewController.swift */,
				B3FB7AF72A416DEF007B68AC /* OrderView.swift */,
				B3FB7AF92A41875E007B68AC /* OrderTableViewCell.swift */,
				B3C8EABA2A42B70500C31551 /* MenuListViewModel.swift */,
			);
			path = Order;
			sourceTree = "<group>";
		};
/* End PBXGroup section */

/* Begin PBXNativeTarget section */
		B3F142182A27080A00D2FB72 /* RxSwiftExample */ = {
			isa = PBXNativeTarget;
			buildConfigurationList = B3F1422D2A27080C00D2FB72 /* Build configuration list for PBXNativeTarget "RxSwiftExample" */;
			buildPhases = (
				B3F142152A27080A00D2FB72 /* Sources */,
				B3F142162A27080A00D2FB72 /* Frameworks */,
				B3F142172A27080A00D2FB72 /* Resources */,
			);
			buildRules = (
			);
			dependencies = (
			);
			name = RxSwiftExample;
			packageProductDependencies = (
				B3F142312A2709DD00D2FB72 /* SnapKit */,
				B3F142392A270A0D00D2FB72 /* Then */,
				B30FBC912A32B504004A3495 /* RxCocoa */,
				B30FBC932A32B504004A3495 /* RxSwift */,
				B30FBC962A32B525004A3495 /* RxOptional */,
				B30FBCAD2A32BDAD004A3495 /* Moya */,
				B30FBCB02A32BDB9004A3495 /* Moya-ModelMapper */,
				B36948152A3FEC2500DB1BAB /* RxDataSources */,
				B33A113E2A4C0EE5002D5258 /* Kingfisher */,
			);
			productName = RxSwiftExample;
			productReference = B3F142192A27080A00D2FB72 /* RxSwiftExample.app */;
			productType = "com.apple.product-type.application";
		};
/* End PBXNativeTarget section */

/* Begin PBXProject section */
		B3F142112A27080A00D2FB72 /* Project object */ = {
			isa = PBXProject;
			attributes = {
				BuildIndependentTargetsInParallel = 1;
				LastSwiftUpdateCheck = 1420;
				LastUpgradeCheck = 1420;
				TargetAttributes = {
					B3F142182A27080A00D2FB72 = {
						CreatedOnToolsVersion = 14.2;
					};
				};
			};
			buildConfigurationList = B3F142142A27080A00D2FB72 /* Build configuration list for PBXProject "RxSwiftExample" */;
			compatibilityVersion = "Xcode 14.0";
			developmentRegion = en;
			hasScannedForEncodings = 0;
			knownRegions = (
				en,
				Base,
			);
			mainGroup = B3F142102A27080A00D2FB72;
			packageReferences = (
				B3F142302A2709DD00D2FB72 /* XCRemoteSwiftPackageReference "SnapKit" */,
				B3F142382A270A0D00D2FB72 /* XCRemoteSwiftPackageReference "Then" */,
				B30FBC902A32B504004A3495 /* XCRemoteSwiftPackageReference "RxSwift" */,
				B30FBC952A32B525004A3495 /* XCRemoteSwiftPackageReference "RxOptional" */,
				B30FBCAC2A32BDAD004A3495 /* XCRemoteSwiftPackageReference "Moya" */,
				B30FBCAF2A32BDB9004A3495 /* XCRemoteSwiftPackageReference "Moya-ModelMapper" */,
				B36948142A3FEC2400DB1BAB /* XCRemoteSwiftPackageReference "RxDataSources" */,
				B33A113D2A4C0EE5002D5258 /* XCRemoteSwiftPackageReference "Kingfisher" */,
			);
			productRefGroup = B3F1421A2A27080A00D2FB72 /* Products */;
			projectDirPath = "";
			projectRoot = "";
			targets = (
				B3F142182A27080A00D2FB72 /* RxSwiftExample */,
			);
		};
/* End PBXProject section */

/* Begin PBXResourcesBuildPhase section */
		B3F142172A27080A00D2FB72 /* Resources */ = {
			isa = PBXResourcesBuildPhase;
			buildActionMask = 2147483647;
			files = (
				B3F142292A27080C00D2FB72 /* LaunchScreen.storyboard in Resources */,
				B3F142262A27080C00D2FB72 /* Assets.xcassets in Resources */,
				B3F142242A27080A00D2FB72 /* Main.storyboard in Resources */,
			);
			runOnlyForDeploymentPostprocessing = 0;
		};
/* End PBXResourcesBuildPhase section */

/* Begin PBXSourcesBuildPhase section */
		B3F142152A27080A00D2FB72 /* Sources */ = {
			isa = PBXSourcesBuildPhase;
			buildActionMask = 2147483647;
			files = (
				B33A11372A4A9DC7002D5258 /* GithubTableViewController.swift in Sources */,
				B3FB7AF32A4163DF007B68AC /* SimpleLoginViewModel.swift in Sources */,
				B3DEC7952A31B82100B6D8B7 /* LoginViewController.swift in Sources */,
				B3D83C052A285A3700515C45 /* IssueListView.swift in Sources */,
				B3F1423C2A270D6A00D2FB72 /* CitySearcherViewController.swift in Sources */,
				B36948182A3FEC5C00DB1BAB /* MyTableViewController.swift in Sources */,
				B3DEC7972A31B86200B6D8B7 /* LoginView.swift in Sources */,
				B3FB7AF12A4163CE007B68AC /* SimpleLoginView.swift in Sources */,
				B3FB7AFA2A41875E007B68AC /* OrderTableViewCell.swift in Sources */,
				B3DEC78B2A315F1A00B6D8B7 /* RepositoryEntity.swift in Sources */,
				B3FB7AEF2A4163BD007B68AC /* SimpleLoginViewController.swift in Sources */,
				B3F142212A27080A00D2FB72 /* ViewController.swift in Sources */,
				B3D83C072A28600F00515C45 /* GithubEndpoint.swift in Sources */,
				B3F142412A27200800D2FB72 /* CircleViewController.swift in Sources */,
				B33A11412A4C0F34002D5258 /* SearchBlogViewController.swift in Sources */,
				B33A11392A4A9E1D002D5258 /* GithubTableViewCell.swift in Sources */,
				B3F142452A272CB100D2FB72 /* CircleViewModel.swift in Sources */,
				B3D83C032A28598900515C45 /* IssueListViewController.swift in Sources */,
				B33A11432A4C122C002D5258 /* SearchBar.swift in Sources */,
				B3DEC7892A315F0000B6D8B7 /* IssueEntity.swift in Sources */,
				B3F1423E2A270D9100D2FB72 /* CitySearcherView.swift in Sources */,
				B3F1421D2A27080A00D2FB72 /* AppDelegate.swift in Sources */,
				B3FB7AF62A416D51007B68AC /* OrderViewController.swift in Sources */,
				B369481A2A3FECA000DB1BAB /* MyTable.swift in Sources */,
				B3FB7AF82A416DEF007B68AC /* OrderView.swift in Sources */,
				B33A11452A4C1C01002D5258 /* FilterView.swift in Sources */,
				B3F1421F2A27080A00D2FB72 /* SceneDelegate.swift in Sources */,
				B3DEC78D2A316CAE00B6D8B7 /* IssueTrackerModel.swift in Sources */,
				B3C8EABB2A42B70500C31551 /* MenuListViewModel.swift in Sources */,
				B33A113B2A4AA29F002D5258 /* GitRepository.swift in Sources */,
			);
			runOnlyForDeploymentPostprocessing = 0;
		};
/* End PBXSourcesBuildPhase section */

/* Begin PBXVariantGroup section */
		B3F142222A27080A00D2FB72 /* Main.storyboard */ = {
			isa = PBXVariantGroup;
			children = (
				B3F142232A27080A00D2FB72 /* Base */,
			);
			name = Main.storyboard;
			sourceTree = "<group>";
		};
		B3F142272A27080C00D2FB72 /* LaunchScreen.storyboard */ = {
			isa = PBXVariantGroup;
			children = (
				B3F142282A27080C00D2FB72 /* Base */,
			);
			name = LaunchScreen.storyboard;
			sourceTree = "<group>";
		};
/* End PBXVariantGroup section */

/* Begin XCBuildConfiguration section */
		B3F1422B2A27080C00D2FB72 /* Debug */ = {
			isa = XCBuildConfiguration;
			buildSettings = {
				ALWAYS_SEARCH_USER_PATHS = NO;
				CLANG_ANALYZER_NONNULL = YES;
				CLANG_ANALYZER_NUMBER_OBJECT_CONVERSION = YES_AGGRESSIVE;
				CLANG_CXX_LANGUAGE_STANDARD = "gnu++20";
				CLANG_ENABLE_MODULES = YES;
				CLANG_ENABLE_OBJC_ARC = YES;
				CLANG_ENABLE_OBJC_WEAK = YES;
				CLANG_WARN_BLOCK_CAPTURE_AUTORELEASING = YES;
				CLANG_WARN_BOOL_CONVERSION = YES;
				CLANG_WARN_COMMA = YES;
				CLANG_WARN_CONSTANT_CONVERSION = YES;
				CLANG_WARN_DEPRECATED_OBJC_IMPLEMENTATIONS = YES;
				CLANG_WARN_DIRECT_OBJC_ISA_USAGE = YES_ERROR;
				CLANG_WARN_DOCUMENTATION_COMMENTS = YES;
				CLANG_WARN_EMPTY_BODY = YES;
				CLANG_WARN_ENUM_CONVERSION = YES;
				CLANG_WARN_INFINITE_RECURSION = YES;
				CLANG_WARN_INT_CONVERSION = YES;
				CLANG_WARN_NON_LITERAL_NULL_CONVERSION = YES;
				CLANG_WARN_OBJC_IMPLICIT_RETAIN_SELF = YES;
				CLANG_WARN_OBJC_LITERAL_CONVERSION = YES;
				CLANG_WARN_OBJC_ROOT_CLASS = YES_ERROR;
				CLANG_WARN_QUOTED_INCLUDE_IN_FRAMEWORK_HEADER = YES;
				CLANG_WARN_RANGE_LOOP_ANALYSIS = YES;
				CLANG_WARN_STRICT_PROTOTYPES = YES;
				CLANG_WARN_SUSPICIOUS_MOVE = YES;
				CLANG_WARN_UNGUARDED_AVAILABILITY = YES_AGGRESSIVE;
				CLANG_WARN_UNREACHABLE_CODE = YES;
				CLANG_WARN__DUPLICATE_METHOD_MATCH = YES;
				COPY_PHASE_STRIP = NO;
				DEBUG_INFORMATION_FORMAT = dwarf;
				ENABLE_STRICT_OBJC_MSGSEND = YES;
				ENABLE_TESTABILITY = YES;
				GCC_C_LANGUAGE_STANDARD = gnu11;
				GCC_DYNAMIC_NO_PIC = NO;
				GCC_NO_COMMON_BLOCKS = YES;
				GCC_OPTIMIZATION_LEVEL = 0;
				GCC_PREPROCESSOR_DEFINITIONS = (
					"DEBUG=1",
					"$(inherited)",
				);
				GCC_WARN_64_TO_32_BIT_CONVERSION = YES;
				GCC_WARN_ABOUT_RETURN_TYPE = YES_ERROR;
				GCC_WARN_UNDECLARED_SELECTOR = YES;
				GCC_WARN_UNINITIALIZED_AUTOS = YES_AGGRESSIVE;
				GCC_WARN_UNUSED_FUNCTION = YES;
				GCC_WARN_UNUSED_VARIABLE = YES;
				IPHONEOS_DEPLOYMENT_TARGET = 16.2;
				MTL_ENABLE_DEBUG_INFO = INCLUDE_SOURCE;
				MTL_FAST_MATH = YES;
				ONLY_ACTIVE_ARCH = YES;
				SDKROOT = iphoneos;
				SWIFT_ACTIVE_COMPILATION_CONDITIONS = DEBUG;
				SWIFT_OPTIMIZATION_LEVEL = "-Onone";
			};
			name = Debug;
		};
		B3F1422C2A27080C00D2FB72 /* Release */ = {
			isa = XCBuildConfiguration;
			buildSettings = {
				ALWAYS_SEARCH_USER_PATHS = NO;
				CLANG_ANALYZER_NONNULL = YES;
				CLANG_ANALYZER_NUMBER_OBJECT_CONVERSION = YES_AGGRESSIVE;
				CLANG_CXX_LANGUAGE_STANDARD = "gnu++20";
				CLANG_ENABLE_MODULES = YES;
				CLANG_ENABLE_OBJC_ARC = YES;
				CLANG_ENABLE_OBJC_WEAK = YES;
				CLANG_WARN_BLOCK_CAPTURE_AUTORELEASING = YES;
				CLANG_WARN_BOOL_CONVERSION = YES;
				CLANG_WARN_COMMA = YES;
				CLANG_WARN_CONSTANT_CONVERSION = YES;
				CLANG_WARN_DEPRECATED_OBJC_IMPLEMENTATIONS = YES;
				CLANG_WARN_DIRECT_OBJC_ISA_USAGE = YES_ERROR;
				CLANG_WARN_DOCUMENTATION_COMMENTS = YES;
				CLANG_WARN_EMPTY_BODY = YES;
				CLANG_WARN_ENUM_CONVERSION = YES;
				CLANG_WARN_INFINITE_RECURSION = YES;
				CLANG_WARN_INT_CONVERSION = YES;
				CLANG_WARN_NON_LITERAL_NULL_CONVERSION = YES;
				CLANG_WARN_OBJC_IMPLICIT_RETAIN_SELF = YES;
				CLANG_WARN_OBJC_LITERAL_CONVERSION = YES;
				CLANG_WARN_OBJC_ROOT_CLASS = YES_ERROR;
				CLANG_WARN_QUOTED_INCLUDE_IN_FRAMEWORK_HEADER = YES;
				CLANG_WARN_RANGE_LOOP_ANALYSIS = YES;
				CLANG_WARN_STRICT_PROTOTYPES = YES;
				CLANG_WARN_SUSPICIOUS_MOVE = YES;
				CLANG_WARN_UNGUARDED_AVAILABILITY = YES_AGGRESSIVE;
				CLANG_WARN_UNREACHABLE_CODE = YES;
				CLANG_WARN__DUPLICATE_METHOD_MATCH = YES;
				COPY_PHASE_STRIP = NO;
				DEBUG_INFORMATION_FORMAT = "dwarf-with-dsym";
				ENABLE_NS_ASSERTIONS = NO;
				ENABLE_STRICT_OBJC_MSGSEND = YES;
				GCC_C_LANGUAGE_STANDARD = gnu11;
				GCC_NO_COMMON_BLOCKS = YES;
				GCC_WARN_64_TO_32_BIT_CONVERSION = YES;
				GCC_WARN_ABOUT_RETURN_TYPE = YES_ERROR;
				GCC_WARN_UNDECLARED_SELECTOR = YES;
				GCC_WARN_UNINITIALIZED_AUTOS = YES_AGGRESSIVE;
				GCC_WARN_UNUSED_FUNCTION = YES;
				GCC_WARN_UNUSED_VARIABLE = YES;
				IPHONEOS_DEPLOYMENT_TARGET = 16.2;
				MTL_ENABLE_DEBUG_INFO = NO;
				MTL_FAST_MATH = YES;
				SDKROOT = iphoneos;
				SWIFT_COMPILATION_MODE = wholemodule;
				SWIFT_OPTIMIZATION_LEVEL = "-O";
				VALIDATE_PRODUCT = YES;
			};
			name = Release;
		};
		B3F1422E2A27080C00D2FB72 /* Debug */ = {
			isa = XCBuildConfiguration;
			buildSettings = {
				ASSETCATALOG_COMPILER_APPICON_NAME = AppIcon;
				ASSETCATALOG_COMPILER_GLOBAL_ACCENT_COLOR_NAME = AccentColor;
				CODE_SIGN_STYLE = Automatic;
				CURRENT_PROJECT_VERSION = 1;
				DEVELOPMENT_TEAM = 2DBARTRT37;
				GENERATE_INFOPLIST_FILE = YES;
				INFOPLIST_FILE = RxSwiftExample/Info.plist;
				INFOPLIST_KEY_UIApplicationSupportsIndirectInputEvents = YES;
				INFOPLIST_KEY_UILaunchStoryboardName = LaunchScreen;
				INFOPLIST_KEY_UIMainStoryboardFile = Main;
				INFOPLIST_KEY_UISupportedInterfaceOrientations_iPad = "UIInterfaceOrientationPortrait UIInterfaceOrientationPortraitUpsideDown UIInterfaceOrientationLandscapeLeft UIInterfaceOrientationLandscapeRight";
				INFOPLIST_KEY_UISupportedInterfaceOrientations_iPhone = "UIInterfaceOrientationPortrait UIInterfaceOrientationLandscapeLeft UIInterfaceOrientationLandscapeRight";
				IPHONEOS_DEPLOYMENT_TARGET = 16.2;
				LD_RUNPATH_SEARCH_PATHS = (
					"$(inherited)",
					"@executable_path/Frameworks",
				);
				MARKETING_VERSION = 1.0;
				PRODUCT_BUNDLE_IDENTIFIER = com.wony.RxSwiftExample;
				PRODUCT_NAME = "$(TARGET_NAME)";
				SWIFT_EMIT_LOC_STRINGS = YES;
				SWIFT_VERSION = 5.0;
				TARGETED_DEVICE_FAMILY = "1,2";
			};
			name = Debug;
		};
		B3F1422F2A27080C00D2FB72 /* Release */ = {
			isa = XCBuildConfiguration;
			buildSettings = {
				ASSETCATALOG_COMPILER_APPICON_NAME = AppIcon;
				ASSETCATALOG_COMPILER_GLOBAL_ACCENT_COLOR_NAME = AccentColor;
				CODE_SIGN_STYLE = Automatic;
				CURRENT_PROJECT_VERSION = 1;
				DEVELOPMENT_TEAM = 2DBARTRT37;
				GENERATE_INFOPLIST_FILE = YES;
				INFOPLIST_FILE = RxSwiftExample/Info.plist;
				INFOPLIST_KEY_UIApplicationSupportsIndirectInputEvents = YES;
				INFOPLIST_KEY_UILaunchStoryboardName = LaunchScreen;
				INFOPLIST_KEY_UIMainStoryboardFile = Main;
				INFOPLIST_KEY_UISupportedInterfaceOrientations_iPad = "UIInterfaceOrientationPortrait UIInterfaceOrientationPortraitUpsideDown UIInterfaceOrientationLandscapeLeft UIInterfaceOrientationLandscapeRight";
				INFOPLIST_KEY_UISupportedInterfaceOrientations_iPhone = "UIInterfaceOrientationPortrait UIInterfaceOrientationLandscapeLeft UIInterfaceOrientationLandscapeRight";
				IPHONEOS_DEPLOYMENT_TARGET = 16.2;
				LD_RUNPATH_SEARCH_PATHS = (
					"$(inherited)",
					"@executable_path/Frameworks",
				);
				MARKETING_VERSION = 1.0;
				PRODUCT_BUNDLE_IDENTIFIER = com.wony.RxSwiftExample;
				PRODUCT_NAME = "$(TARGET_NAME)";
				SWIFT_EMIT_LOC_STRINGS = YES;
				SWIFT_VERSION = 5.0;
				TARGETED_DEVICE_FAMILY = "1,2";
			};
			name = Release;
		};
/* End XCBuildConfiguration section */

/* Begin XCConfigurationList section */
		B3F142142A27080A00D2FB72 /* Build configuration list for PBXProject "RxSwiftExample" */ = {
			isa = XCConfigurationList;
			buildConfigurations = (
				B3F1422B2A27080C00D2FB72 /* Debug */,
				B3F1422C2A27080C00D2FB72 /* Release */,
			);
			defaultConfigurationIsVisible = 0;
			defaultConfigurationName = Release;
		};
		B3F1422D2A27080C00D2FB72 /* Build configuration list for PBXNativeTarget "RxSwiftExample" */ = {
			isa = XCConfigurationList;
			buildConfigurations = (
				B3F1422E2A27080C00D2FB72 /* Debug */,
				B3F1422F2A27080C00D2FB72 /* Release */,
			);
			defaultConfigurationIsVisible = 0;
			defaultConfigurationName = Release;
		};
/* End XCConfigurationList section */

/* Begin XCRemoteSwiftPackageReference section */
		B30FBC902A32B504004A3495 /* XCRemoteSwiftPackageReference "RxSwift" */ = {
			isa = XCRemoteSwiftPackageReference;
			repositoryURL = "https://github.com/ReactiveX/RxSwift.git";
			requirement = {
				kind = upToNextMajorVersion;
				minimumVersion = 6.0.0;
			};
		};
		B30FBC952A32B525004A3495 /* XCRemoteSwiftPackageReference "RxOptional" */ = {
			isa = XCRemoteSwiftPackageReference;
			repositoryURL = "https://github.com/RxSwiftCommunity/RxOptional";
			requirement = {
				branch = main;
				kind = branch;
			};
		};
		B30FBCAC2A32BDAD004A3495 /* XCRemoteSwiftPackageReference "Moya" */ = {
			isa = XCRemoteSwiftPackageReference;
			repositoryURL = "https://github.com/Moya/Moya.git";
			requirement = {
				branch = master;
				kind = branch;
			};
		};
		B30FBCAF2A32BDB9004A3495 /* XCRemoteSwiftPackageReference "Moya-ModelMapper" */ = {
			isa = XCRemoteSwiftPackageReference;
			repositoryURL = "https://github.com/sunshinejr/Moya-ModelMapper.git";
			requirement = {
				branch = master;
				kind = branch;
			};
		};
		B33A113D2A4C0EE5002D5258 /* XCRemoteSwiftPackageReference "Kingfisher" */ = {
			isa = XCRemoteSwiftPackageReference;
			repositoryURL = "https://github.com/onevcat/Kingfisher.git";
			requirement = {
				kind = upToNextMajorVersion;
				minimumVersion = 7.0.0;
			};
		};
		B36948142A3FEC2400DB1BAB /* XCRemoteSwiftPackageReference "RxDataSources" */ = {
			isa = XCRemoteSwiftPackageReference;
			repositoryURL = "https://github.com/RxSwiftCommunity/RxDataSources.git";
			requirement = {
				kind = upToNextMajorVersion;
				minimumVersion = 5.0.0;
			};
		};
		B3F142302A2709DD00D2FB72 /* XCRemoteSwiftPackageReference "SnapKit" */ = {
			isa = XCRemoteSwiftPackageReference;
			repositoryURL = "https://github.com/SnapKit/SnapKit.git";
			requirement = {
				kind = upToNextMajorVersion;
				minimumVersion = 5.0.0;
			};
		};
		B3F142382A270A0D00D2FB72 /* XCRemoteSwiftPackageReference "Then" */ = {
			isa = XCRemoteSwiftPackageReference;
			repositoryURL = "https://github.com/devxoul/Then";
			requirement = {
				kind = upToNextMajorVersion;
				minimumVersion = 3.0.0;
			};
		};
/* End XCRemoteSwiftPackageReference section */

/* Begin XCSwiftPackageProductDependency section */
		B30FBC912A32B504004A3495 /* RxCocoa */ = {
			isa = XCSwiftPackageProductDependency;
			package = B30FBC902A32B504004A3495 /* XCRemoteSwiftPackageReference "RxSwift" */;
			productName = RxCocoa;
		};
		B30FBC932A32B504004A3495 /* RxSwift */ = {
			isa = XCSwiftPackageProductDependency;
			package = B30FBC902A32B504004A3495 /* XCRemoteSwiftPackageReference "RxSwift" */;
			productName = RxSwift;
		};
		B30FBC962A32B525004A3495 /* RxOptional */ = {
			isa = XCSwiftPackageProductDependency;
			package = B30FBC952A32B525004A3495 /* XCRemoteSwiftPackageReference "RxOptional" */;
			productName = RxOptional;
		};
		B30FBCAD2A32BDAD004A3495 /* Moya */ = {
			isa = XCSwiftPackageProductDependency;
			package = B30FBCAC2A32BDAD004A3495 /* XCRemoteSwiftPackageReference "Moya" */;
			productName = Moya;
		};
		B30FBCB02A32BDB9004A3495 /* Moya-ModelMapper */ = {
			isa = XCSwiftPackageProductDependency;
			package = B30FBCAF2A32BDB9004A3495 /* XCRemoteSwiftPackageReference "Moya-ModelMapper" */;
			productName = "Moya-ModelMapper";
		};
		B33A113E2A4C0EE5002D5258 /* Kingfisher */ = {
			isa = XCSwiftPackageProductDependency;
			package = B33A113D2A4C0EE5002D5258 /* XCRemoteSwiftPackageReference "Kingfisher" */;
			productName = Kingfisher;
		};
		B36948152A3FEC2500DB1BAB /* RxDataSources */ = {
			isa = XCSwiftPackageProductDependency;
			package = B36948142A3FEC2400DB1BAB /* XCRemoteSwiftPackageReference "RxDataSources" */;
			productName = RxDataSources;
		};
		B3F142312A2709DD00D2FB72 /* SnapKit */ = {
			isa = XCSwiftPackageProductDependency;
			package = B3F142302A2709DD00D2FB72 /* XCRemoteSwiftPackageReference "SnapKit" */;
			productName = SnapKit;
		};
		B3F142392A270A0D00D2FB72 /* Then */ = {
			isa = XCSwiftPackageProductDependency;
			package = B3F142382A270A0D00D2FB72 /* XCRemoteSwiftPackageReference "Then" */;
			productName = Then;
		};
/* End XCSwiftPackageProductDependency section */
	};
	rootObject = B3F142112A27080A00D2FB72 /* Project object */;
}
